// !$*UTF8*$!
{
	archiveVersion = 1;
	classes = {
	};
	objectVersion = 46;
	objects = {

/* Begin PBXBuildFile section */
		37BCB1471AF88D5F0099DEF8 /* appo!.png in Resources */ = {isa = PBXBuildFile; fileRef = 37BCB1401AF88D5F0099DEF8 /* appo!.png */; };
		37BCB1481AF88D5F0099DEF8 /* appoli.png in Resources */ = {isa = PBXBuildFile; fileRef = 37BCB1411AF88D5F0099DEF8 /* appoli.png */; };
		37BCB1491AF88D5F0099DEF8 /* check.png in Resources */ = {isa = PBXBuildFile; fileRef = 37BCB1421AF88D5F0099DEF8 /* check.png */; };
		37BCB14A1AF88D5F0099DEF8 /* friend.png in Resources */ = {isa = PBXBuildFile; fileRef = 37BCB1431AF88D5F0099DEF8 /* friend.png */; };
		37BCB14B1AF88D5F0099DEF8 /* hidari.png in Resources */ = {isa = PBXBuildFile; fileRef = 37BCB1441AF88D5F0099DEF8 /* hidari.png */; };
		37BCB14C1AF88D5F0099DEF8 /* login.png in Resources */ = {isa = PBXBuildFile; fileRef = 37BCB1451AF88D5F0099DEF8 /* login.png */; };
		37BCB14D1AF88D5F0099DEF8 /* migi.png in Resources */ = {isa = PBXBuildFile; fileRef = 37BCB1461AF88D5F0099DEF8 /* migi.png */; };
		37BCB1531AF8A4180099DEF8 /* Koruri-Bold.ttf in Resources */ = {isa = PBXBuildFile; fileRef = 37BCB14E1AF8A4180099DEF8 /* Koruri-Bold.ttf */; };
		37BCB1541AF8A4180099DEF8 /* Koruri-Extrabold.ttf in Resources */ = {isa = PBXBuildFile; fileRef = 37BCB14F1AF8A4180099DEF8 /* Koruri-Extrabold.ttf */; };
		37BCB1551AF8A4180099DEF8 /* Koruri-Light.ttf in Resources */ = {isa = PBXBuildFile; fileRef = 37BCB1501AF8A4180099DEF8 /* Koruri-Light.ttf */; };
		37BCB1561AF8A4180099DEF8 /* Koruri-Regular.ttf in Resources */ = {isa = PBXBuildFile; fileRef = 37BCB1511AF8A4180099DEF8 /* Koruri-Regular.ttf */; };
		37BCB1571AF8A4180099DEF8 /* Koruri-Semibold.ttf in Resources */ = {isa = PBXBuildFile; fileRef = 37BCB1521AF8A4180099DEF8 /* Koruri-Semibold.ttf */; };
		37BCB15B1AF8A75F0099DEF8 /* steelfish rg.ttf in Resources */ = {isa = PBXBuildFile; fileRef = 37BCB15A1AF8A75F0099DEF8 /* steelfish rg.ttf */; };
		37D9571E1AF8B58100DBA737 /* registration.png in Resources */ = {isa = PBXBuildFile; fileRef = 37D9571D1AF8B58100DBA737 /* registration.png */; };
		37D957201AF8B8E600DBA737 /* add-friends_42.png in Resources */ = {isa = PBXBuildFile; fileRef = 37D9571F1AF8B8E600DBA737 /* add-friends_42.png */; };
		37D957221AF8BB7E00DBA737 /* Friendlist_45.png in Resources */ = {isa = PBXBuildFile; fileRef = 37D957211AF8BB7E00DBA737 /* Friendlist_45.png */; };
		37D957241AF8BC3900DBA737 /* Registration2.png in Resources */ = {isa = PBXBuildFile; fileRef = 37D957231AF8BC3900DBA737 /* Registration2.png */; };
		37D99AA01AF72231008279BF /* AppDelegate.swift in Sources */ = {isa = PBXBuildFile; fileRef = 37D99A9F1AF72231008279BF /* AppDelegate.swift */; };
		37D99AA21AF72231008279BF /* ViewController.swift in Sources */ = {isa = PBXBuildFile; fileRef = 37D99AA11AF72231008279BF /* ViewController.swift */; };
		37D99AA51AF72231008279BF /* Main.storyboard in Resources */ = {isa = PBXBuildFile; fileRef = 37D99AA31AF72231008279BF /* Main.storyboard */; };
		37D99AA71AF72231008279BF /* Images.xcassets in Resources */ = {isa = PBXBuildFile; fileRef = 37D99AA61AF72231008279BF /* Images.xcassets */; };
		37D99AAA1AF72231008279BF /* LaunchScreen.xib in Resources */ = {isa = PBXBuildFile; fileRef = 37D99AA81AF72231008279BF /* LaunchScreen.xib */; };
		37D99AB61AF72231008279BF /* yoteikakuninTests.swift in Sources */ = {isa = PBXBuildFile; fileRef = 37D99AB51AF72231008279BF /* yoteikakuninTests.swift */; };
		37D99AC01AF75A09008279BF /* InputViewController.swift in Sources */ = {isa = PBXBuildFile; fileRef = 37D99ABF1AF75A09008279BF /* InputViewController.swift */; };
		37D99AC21AF75AC5008279BF /* SelectViewController.swift in Sources */ = {isa = PBXBuildFile; fileRef = 37D99AC11AF75AC5008279BF /* SelectViewController.swift */; };
		37D99AC41AF78DB1008279BF /* FinishViewController.swift in Sources */ = {isa = PBXBuildFile; fileRef = 37D99AC31AF78DB1008279BF /* FinishViewController.swift */; };
		AF921AC61AF8846E00C48469 /* UserManager.swift in Sources */ = {isa = PBXBuildFile; fileRef = AF921AC51AF8846E00C48469 /* UserManager.swift */; };
		AF921ACC1AF8861900C48469 /* LoginViewController.swift in Sources */ = {isa = PBXBuildFile; fileRef = AF921ACB1AF8861900C48469 /* LoginViewController.swift */; };
/* End PBXBuildFile section */

/* Begin PBXContainerItemProxy section */
		37D99AB01AF72231008279BF /* PBXContainerItemProxy */ = {
			isa = PBXContainerItemProxy;
			containerPortal = 37D99A921AF72231008279BF /* Project object */;
			proxyType = 1;
			remoteGlobalIDString = 37D99A991AF72231008279BF;
			remoteInfo = yoteikakunin;
		};
/* End PBXContainerItemProxy section */

/* Begin PBXFileReference section */
		37BCB1401AF88D5F0099DEF8 /* appo!.png */ = {isa = PBXFileReference; lastKnownFileType = image.png; path = "appo!.png"; sourceTree = "<group>"; };
		37BCB1411AF88D5F0099DEF8 /* appoli.png */ = {isa = PBXFileReference; lastKnownFileType = image.png; path = appoli.png; sourceTree = "<group>"; };
		37BCB1421AF88D5F0099DEF8 /* check.png */ = {isa = PBXFileReference; lastKnownFileType = image.png; path = check.png; sourceTree = "<group>"; };
		37BCB1431AF88D5F0099DEF8 /* friend.png */ = {isa = PBXFileReference; lastKnownFileType = image.png; path = friend.png; sourceTree = "<group>"; };
		37BCB1441AF88D5F0099DEF8 /* hidari.png */ = {isa = PBXFileReference; lastKnownFileType = image.png; path = hidari.png; sourceTree = "<group>"; };
		37BCB1451AF88D5F0099DEF8 /* login.png */ = {isa = PBXFileReference; lastKnownFileType = image.png; path = login.png; sourceTree = "<group>"; };
		37BCB1461AF88D5F0099DEF8 /* migi.png */ = {isa = PBXFileReference; lastKnownFileType = image.png; path = migi.png; sourceTree = "<group>"; };
		37BCB14E1AF8A4180099DEF8 /* Koruri-Bold.ttf */ = {isa = PBXFileReference; lastKnownFileType = file; path = "Koruri-Bold.ttf"; sourceTree = "<group>"; };
		37BCB14F1AF8A4180099DEF8 /* Koruri-Extrabold.ttf */ = {isa = PBXFileReference; lastKnownFileType = file; path = "Koruri-Extrabold.ttf"; sourceTree = "<group>"; };
		37BCB1501AF8A4180099DEF8 /* Koruri-Light.ttf */ = {isa = PBXFileReference; lastKnownFileType = file; path = "Koruri-Light.ttf"; sourceTree = "<group>"; };
		37BCB1511AF8A4180099DEF8 /* Koruri-Regular.ttf */ = {isa = PBXFileReference; lastKnownFileType = file; path = "Koruri-Regular.ttf"; sourceTree = "<group>"; };
		37BCB1521AF8A4180099DEF8 /* Koruri-Semibold.ttf */ = {isa = PBXFileReference; lastKnownFileType = file; path = "Koruri-Semibold.ttf"; sourceTree = "<group>"; };
		37BCB15A1AF8A75F0099DEF8 /* steelfish rg.ttf */ = {isa = PBXFileReference; lastKnownFileType = file; path = "steelfish rg.ttf"; sourceTree = "<group>"; };
		37BCB15C1AF8ACFC0099DEF8 /* longloginnew_31.png */ = {isa = PBXFileReference; lastKnownFileType = image.png; path = longloginnew_31.png; sourceTree = "<group>"; };
		37D9571D1AF8B58100DBA737 /* registration.png */ = {isa = PBXFileReference; lastKnownFileType = image.png; path = registration.png; sourceTree = "<group>"; };
		37D9571F1AF8B8E600DBA737 /* add-friends_42.png */ = {isa = PBXFileReference; lastKnownFileType = image.png; path = "add-friends_42.png"; sourceTree = "<group>"; };
		37D957211AF8BB7E00DBA737 /* Friendlist_45.png */ = {isa = PBXFileReference; lastKnownFileType = image.png; path = Friendlist_45.png; sourceTree = "<group>"; };
		37D957231AF8BC3900DBA737 /* Registration2.png */ = {isa = PBXFileReference; lastKnownFileType = image.png; path = Registration2.png; sourceTree = "<group>"; };
		37D99A9A1AF72231008279BF /* yoteikakunin.app */ = {isa = PBXFileReference; explicitFileType = wrapper.application; includeInIndex = 0; path = yoteikakunin.app; sourceTree = BUILT_PRODUCTS_DIR; };
		37D99A9E1AF72231008279BF /* Info.plist */ = {isa = PBXFileReference; lastKnownFileType = text.plist.xml; path = Info.plist; sourceTree = "<group>"; };
		37D99A9F1AF72231008279BF /* AppDelegate.swift */ = {isa = PBXFileReference; lastKnownFileType = sourcecode.swift; path = AppDelegate.swift; sourceTree = "<group>"; };
		37D99AA11AF72231008279BF /* ViewController.swift */ = {isa = PBXFileReference; lastKnownFileType = sourcecode.swift; path = ViewController.swift; sourceTree = "<group>"; };
		37D99AA41AF72231008279BF /* Base */ = {isa = PBXFileReference; lastKnownFileType = file.storyboard; name = Base; path = Base.lproj/Main.storyboard; sourceTree = "<group>"; };
		37D99AA61AF72231008279BF /* Images.xcassets */ = {isa = PBXFileReference; lastKnownFileType = folder.assetcatalog; path = Images.xcassets; sourceTree = "<group>"; };
		37D99AA91AF72231008279BF /* Base */ = {isa = PBXFileReference; lastKnownFileType = file.xib; name = Base; path = Base.lproj/LaunchScreen.xib; sourceTree = "<group>"; };
		37D99AAF1AF72231008279BF /* yoteikakuninTests.xctest */ = {isa = PBXFileReference; explicitFileType = wrapper.cfbundle; includeInIndex = 0; path = yoteikakuninTests.xctest; sourceTree = BUILT_PRODUCTS_DIR; };
		37D99AB41AF72231008279BF /* Info.plist */ = {isa = PBXFileReference; lastKnownFileType = text.plist.xml; path = Info.plist; sourceTree = "<group>"; };
		37D99AB51AF72231008279BF /* yoteikakuninTests.swift */ = {isa = PBXFileReference; lastKnownFileType = sourcecode.swift; path = yoteikakuninTests.swift; sourceTree = "<group>"; };
		37D99ABF1AF75A09008279BF /* InputViewController.swift */ = {isa = PBXFileReference; fileEncoding = 4; lastKnownFileType = sourcecode.swift; path = InputViewController.swift; sourceTree = "<group>"; };
		37D99AC11AF75AC5008279BF /* SelectViewController.swift */ = {isa = PBXFileReference; fileEncoding = 4; lastKnownFileType = sourcecode.swift; path = SelectViewController.swift; sourceTree = "<group>"; };
		37D99AC31AF78DB1008279BF /* FinishViewController.swift */ = {isa = PBXFileReference; fileEncoding = 4; lastKnownFileType = sourcecode.swift; path = FinishViewController.swift; sourceTree = "<group>"; };
		AF921AC51AF8846E00C48469 /* UserManager.swift */ = {isa = PBXFileReference; fileEncoding = 4; lastKnownFileType = sourcecode.swift; path = UserManager.swift; sourceTree = "<group>"; };
		AF921ACB1AF8861900C48469 /* LoginViewController.swift */ = {isa = PBXFileReference; fileEncoding = 4; lastKnownFileType = sourcecode.swift; path = LoginViewController.swift; sourceTree = "<group>"; };
/* End PBXFileReference section */

/* Begin PBXFrameworksBuildPhase section */
		37D99A971AF72231008279BF /* Frameworks */ = {
			isa = PBXFrameworksBuildPhase;
			buildActionMask = 2147483647;
			files = (
			);
			runOnlyForDeploymentPostprocessing = 0;
		};
		37D99AAC1AF72231008279BF /* Frameworks */ = {
			isa = PBXFrameworksBuildPhase;
			buildActionMask = 2147483647;
			files = (
			);
			runOnlyForDeploymentPostprocessing = 0;
		};
/* End PBXFrameworksBuildPhase section */

/* Begin PBXGroup section */
		37BCB13E1AF88D5F0099DEF8 /* Resources */ = {
			isa = PBXGroup;
			children = (
				37BCB13F1AF88D5F0099DEF8 /* Images */,
			);
			name = Resources;
			path = Utility/Resources;
			sourceTree = "<group>";
		};
		37BCB13F1AF88D5F0099DEF8 /* Images */ = {
			isa = PBXGroup;
			children = (
				37BCB1401AF88D5F0099DEF8 /* appo!.png */,
				37BCB1411AF88D5F0099DEF8 /* appoli.png */,
				37BCB1421AF88D5F0099DEF8 /* check.png */,
				37BCB1431AF88D5F0099DEF8 /* friend.png */,
				37BCB14E1AF8A4180099DEF8 /* Koruri-Bold.ttf */,
				37D957231AF8BC3900DBA737 /* Registration2.png */,
				37D9571D1AF8B58100DBA737 /* registration.png */,
				37D9571F1AF8B8E600DBA737 /* add-friends_42.png */,
				37BCB14F1AF8A4180099DEF8 /* Koruri-Extrabold.ttf */,
				37D957211AF8BB7E00DBA737 /* Friendlist_45.png */,
				37BCB1501AF8A4180099DEF8 /* Koruri-Light.ttf */,
				37BCB1511AF8A4180099DEF8 /* Koruri-Regular.ttf */,
				37BCB15C1AF8ACFC0099DEF8 /* longloginnew_31.png */,
				37BCB15A1AF8A75F0099DEF8 /* steelfish rg.ttf */,
				37BCB1521AF8A4180099DEF8 /* Koruri-Semibold.ttf */,
				37BCB1441AF88D5F0099DEF8 /* hidari.png */,
				37BCB1451AF88D5F0099DEF8 /* login.png */,
				37BCB1461AF88D5F0099DEF8 /* migi.png */,
			);
			path = Images;
			sourceTree = "<group>";
		};
		37D99A911AF72231008279BF = {
			isa = PBXGroup;
			children = (
				37D99A9C1AF72231008279BF /* yoteikakunin */,
				37D99AB21AF72231008279BF /* yoteikakuninTests */,
				37D99A9B1AF72231008279BF /* Products */,
			);
			sourceTree = "<group>";
		};
		37D99A9B1AF72231008279BF /* Products */ = {
			isa = PBXGroup;
			children = (
				37D99A9A1AF72231008279BF /* yoteikakunin.app */,
				37D99AAF1AF72231008279BF /* yoteikakuninTests.xctest */,
			);
			name = Products;
			sourceTree = "<group>";
		};
		37D99A9C1AF72231008279BF /* yoteikakunin */ = {
			isa = PBXGroup;
			children = (
				AF921AC31AF883BF00C48469 /* Utility */,
				37BCB13E1AF88D5F0099DEF8 /* Resources */,
				37D99A9F1AF72231008279BF /* AppDelegate.swift */,
				AF921AC41AF8844E00C48469 /* Controllers */,
				37D99AA31AF72231008279BF /* Main.storyboard */,
				37D99AA61AF72231008279BF /* Images.xcassets */,
				37D99AA81AF72231008279BF /* LaunchScreen.xib */,
				37D99A9D1AF72231008279BF /* Supporting Files */,
			);
			path = yoteikakunin;
			sourceTree = "<group>";
		};
		37D99A9D1AF72231008279BF /* Supporting Files */ = {
			isa = PBXGroup;
			children = (
				37D99A9E1AF72231008279BF /* Info.plist */,
			);
			path = "Supporting Files";
			sourceTree = "<group>";
		};
		37D99AB21AF72231008279BF /* yoteikakuninTests */ = {
			isa = PBXGroup;
			children = (
				37D99AB51AF72231008279BF /* yoteikakuninTests.swift */,
				37D99AB31AF72231008279BF /* Supporting Files */,
			);
			path = yoteikakuninTests;
			sourceTree = "<group>";
		};
		37D99AB31AF72231008279BF /* Supporting Files */ = {
			isa = PBXGroup;
			children = (
				37D99AB41AF72231008279BF /* Info.plist */,
			);
			path = "Supporting Files";
			sourceTree = "<group>";
		};
		AF921AC31AF883BF00C48469 /* Utility */ = {
			isa = PBXGroup;
			children = (
				AF921AC51AF8846E00C48469 /* UserManager.swift */,
			);
			path = Utility;
			sourceTree = "<group>";
		};
		AF921AC41AF8844E00C48469 /* Controllers */ = {
			isa = PBXGroup;
			children = (
				AF921ACA1AF8860A00C48469 /* Login */,
				AF921AC71AF884E600C48469 /* Send */,
				37D99AA11AF72231008279BF /* ViewController.swift */,
				37D99ABF1AF75A09008279BF /* InputViewController.swift */,
				37D99AC11AF75AC5008279BF /* SelectViewController.swift */,
				37D99AC31AF78DB1008279BF /* FinishViewController.swift */,
				AF921AC81AF884F000C48469 /* Check */,
				AF921AC91AF8850300C48469 /* Friends */,
			);
			path = Controllers;
			sourceTree = "<group>";
		};
		AF921AC71AF884E600C48469 /* Send */ = {
			isa = PBXGroup;
			children = (
			);
			path = Send;
			sourceTree = "<group>";
		};
		AF921AC81AF884F000C48469 /* Check */ = {
			isa = PBXGroup;
			children = (
			);
			path = Check;
			sourceTree = "<group>";
		};
		AF921AC91AF8850300C48469 /* Friends */ = {
			isa = PBXGroup;
			children = (
			);
			path = Friends;
			sourceTree = "<group>";
		};
		AF921ACA1AF8860A00C48469 /* Login */ = {
			isa = PBXGroup;
			children = (
				AF921ACB1AF8861900C48469 /* LoginViewController.swift */,
			);
			path = Login;
			sourceTree = "<group>";
		};
/* End PBXGroup section */

/* Begin PBXNativeTarget section */
		37D99A991AF72231008279BF /* yoteikakunin */ = {
			isa = PBXNativeTarget;
			buildConfigurationList = 37D99AB91AF72231008279BF /* Build configuration list for PBXNativeTarget "yoteikakunin" */;
			buildPhases = (
				37D99A961AF72231008279BF /* Sources */,
				37D99A971AF72231008279BF /* Frameworks */,
				37D99A981AF72231008279BF /* Resources */,
			);
			buildRules = (
			);
			dependencies = (
			);
			name = yoteikakunin;
			productName = yoteikakunin;
			productReference = 37D99A9A1AF72231008279BF /* yoteikakunin.app */;
			productType = "com.apple.product-type.application";
		};
		37D99AAE1AF72231008279BF /* yoteikakuninTests */ = {
			isa = PBXNativeTarget;
			buildConfigurationList = 37D99ABC1AF72231008279BF /* Build configuration list for PBXNativeTarget "yoteikakuninTests" */;
			buildPhases = (
				37D99AAB1AF72231008279BF /* Sources */,
				37D99AAC1AF72231008279BF /* Frameworks */,
				37D99AAD1AF72231008279BF /* Resources */,
			);
			buildRules = (
			);
			dependencies = (
				37D99AB11AF72231008279BF /* PBXTargetDependency */,
			);
			name = yoteikakuninTests;
			productName = yoteikakuninTests;
			productReference = 37D99AAF1AF72231008279BF /* yoteikakuninTests.xctest */;
			productType = "com.apple.product-type.bundle.unit-test";
		};
/* End PBXNativeTarget section */

/* Begin PBXProject section */
		37D99A921AF72231008279BF /* Project object */ = {
			isa = PBXProject;
			attributes = {
				LastUpgradeCheck = 0620;
				ORGANIZATIONNAME = srrn;
				TargetAttributes = {
					37D99A991AF72231008279BF = {
						CreatedOnToolsVersion = 6.2;
					};
					37D99AAE1AF72231008279BF = {
						CreatedOnToolsVersion = 6.2;
						TestTargetID = 37D99A991AF72231008279BF;
					};
				};
			};
			buildConfigurationList = 37D99A951AF72231008279BF /* Build configuration list for PBXProject "yoteikakunin" */;
			compatibilityVersion = "Xcode 3.2";
			developmentRegion = English;
			hasScannedForEncodings = 0;
			knownRegions = (
				en,
				Base,
			);
			mainGroup = 37D99A911AF72231008279BF;
			productRefGroup = 37D99A9B1AF72231008279BF /* Products */;
			projectDirPath = "";
			projectRoot = "";
			targets = (
				37D99A991AF72231008279BF /* yoteikakunin */,
				37D99AAE1AF72231008279BF /* yoteikakuninTests */,
			);
		};
/* End PBXProject section */

/* Begin PBXResourcesBuildPhase section */
		37D99A981AF72231008279BF /* Resources */ = {
			isa = PBXResourcesBuildPhase;
			buildActionMask = 2147483647;
			files = (
				37D957221AF8BB7E00DBA737 /* Friendlist_45.png in Resources */,
				37BCB1531AF8A4180099DEF8 /* Koruri-Bold.ttf in Resources */,
				37D957201AF8B8E600DBA737 /* add-friends_42.png in Resources */,
				37BCB1491AF88D5F0099DEF8 /* check.png in Resources */,
				37BCB14D1AF88D5F0099DEF8 /* migi.png in Resources */,
				37D957241AF8BC3900DBA737 /* Registration2.png in Resources */,
				37D99AA51AF72231008279BF /* Main.storyboard in Resources */,
				37BCB14A1AF88D5F0099DEF8 /* friend.png in Resources */,
				37BCB1551AF8A4180099DEF8 /* Koruri-Light.ttf in Resources */,
				37BCB1471AF88D5F0099DEF8 /* appo!.png in Resources */,
				37D9571E1AF8B58100DBA737 /* registration.png in Resources */,
				37BCB1561AF8A4180099DEF8 /* Koruri-Regular.ttf in Resources */,
				37BCB1541AF8A4180099DEF8 /* Koruri-Extrabold.ttf in Resources */,
				37BCB15B1AF8A75F0099DEF8 /* steelfish rg.ttf in Resources */,
				37BCB1571AF8A4180099DEF8 /* Koruri-Semibold.ttf in Resources */,
				37BCB14C1AF88D5F0099DEF8 /* login.png in Resources */,
				37D99AAA1AF72231008279BF /* LaunchScreen.xib in Resources */,
				37BCB1481AF88D5F0099DEF8 /* appoli.png in Resources */,
				37BCB14B1AF88D5F0099DEF8 /* hidari.png in Resources */,
				37D99AA71AF72231008279BF /* Images.xcassets in Resources */,
			);
			runOnlyForDeploymentPostprocessing = 0;
		};
		37D99AAD1AF72231008279BF /* Resources */ = {
			isa = PBXResourcesBuildPhase;
			buildActionMask = 2147483647;
			files = (
			);
			runOnlyForDeploymentPostprocessing = 0;
		};
/* End PBXResourcesBuildPhase section */

/* Begin PBXSourcesBuildPhase section */
		37D99A961AF72231008279BF /* Sources */ = {
			isa = PBXSourcesBuildPhase;
			buildActionMask = 2147483647;
			files = (
				AF921ACC1AF8861900C48469 /* LoginViewController.swift in Sources */,
				AF921AC61AF8846E00C48469 /* UserManager.swift in Sources */,
				37D99AC41AF78DB1008279BF /* FinishViewController.swift in Sources */,
				37D99AC21AF75AC5008279BF /* SelectViewController.swift in Sources */,
				37D99AC01AF75A09008279BF /* InputViewController.swift in Sources */,
				37D99AA21AF72231008279BF /* ViewController.swift in Sources */,
				37D99AA01AF72231008279BF /* AppDelegate.swift in Sources */,
			);
			runOnlyForDeploymentPostprocessing = 0;
		};
		37D99AAB1AF72231008279BF /* Sources */ = {
			isa = PBXSourcesBuildPhase;
			buildActionMask = 2147483647;
			files = (
				37D99AB61AF72231008279BF /* yoteikakuninTests.swift in Sources */,
			);
			runOnlyForDeploymentPostprocessing = 0;
		};
/* End PBXSourcesBuildPhase section */

/* Begin PBXTargetDependency section */
		37D99AB11AF72231008279BF /* PBXTargetDependency */ = {
			isa = PBXTargetDependency;
			target = 37D99A991AF72231008279BF /* yoteikakunin */;
			targetProxy = 37D99AB01AF72231008279BF /* PBXContainerItemProxy */;
		};
/* End PBXTargetDependency section */

/* Begin PBXVariantGroup section */
		37D99AA31AF72231008279BF /* Main.storyboard */ = {
			isa = PBXVariantGroup;
			children = (
				37D99AA41AF72231008279BF /* Base */,
			);
			name = Main.storyboard;
			path = .;
			sourceTree = "<group>";
		};
		37D99AA81AF72231008279BF /* LaunchScreen.xib */ = {
			isa = PBXVariantGroup;
			children = (
				37D99AA91AF72231008279BF /* Base */,
			);
			name = LaunchScreen.xib;
			path = .;
			sourceTree = "<group>";
		};
/* End PBXVariantGroup section */

/* Begin XCBuildConfiguration section */
		37D99AB71AF72231008279BF /* Debug */ = {
			isa = XCBuildConfiguration;
			buildSettings = {
				ALWAYS_SEARCH_USER_PATHS = NO;
				CLANG_CXX_LANGUAGE_STANDARD = "gnu++0x";
				CLANG_CXX_LIBRARY = "libc++";
				CLANG_ENABLE_MODULES = YES;
				CLANG_ENABLE_OBJC_ARC = YES;
				CLANG_WARN_BOOL_CONVERSION = YES;
				CLANG_WARN_CONSTANT_CONVERSION = YES;
				CLANG_WARN_DIRECT_OBJC_ISA_USAGE = YES_ERROR;
				CLANG_WARN_EMPTY_BODY = YES;
				CLANG_WARN_ENUM_CONVERSION = YES;
				CLANG_WARN_INT_CONVERSION = YES;
				CLANG_WARN_OBJC_ROOT_CLASS = YES_ERROR;
				CLANG_WARN_UNREACHABLE_CODE = YES;
				CLANG_WARN__DUPLICATE_METHOD_MATCH = YES;
				"CODE_SIGN_IDENTITY[sdk=iphoneos*]" = "iPhone Developer";
				COPY_PHASE_STRIP = NO;
				ENABLE_STRICT_OBJC_MSGSEND = YES;
				GCC_C_LANGUAGE_STANDARD = gnu99;
				GCC_DYNAMIC_NO_PIC = NO;
				GCC_OPTIMIZATION_LEVEL = 0;
				GCC_PREPROCESSOR_DEFINITIONS = (
					"DEBUG=1",
					"$(inherited)",
				);
				GCC_SYMBOLS_PRIVATE_EXTERN = NO;
				GCC_WARN_64_TO_32_BIT_CONVERSION = YES;
				GCC_WARN_ABOUT_RETURN_TYPE = YES_ERROR;
				GCC_WARN_UNDECLARED_SELECTOR = YES;
				GCC_WARN_UNINITIALIZED_AUTOS = YES_AGGRESSIVE;
				GCC_WARN_UNUSED_FUNCTION = YES;
				GCC_WARN_UNUSED_VARIABLE = YES;
				IPHONEOS_DEPLOYMENT_TARGET = 8.2;
				MTL_ENABLE_DEBUG_INFO = YES;
				ONLY_ACTIVE_ARCH = YES;
				SDKROOT = iphoneos;
				SWIFT_OPTIMIZATION_LEVEL = "-Onone";
			};
			name = Debug;
		};
		37D99AB81AF72231008279BF /* Release */ = {
			isa = XCBuildConfiguration;
			buildSettings = {
				ALWAYS_SEARCH_USER_PATHS = NO;
				CLANG_CXX_LANGUAGE_STANDARD = "gnu++0x";
				CLANG_CXX_LIBRARY = "libc++";
				CLANG_ENABLE_MODULES = YES;
				CLANG_ENABLE_OBJC_ARC = YES;
				CLANG_WARN_BOOL_CONVERSION = YES;
				CLANG_WARN_CONSTANT_CONVERSION = YES;
				CLANG_WARN_DIRECT_OBJC_ISA_USAGE = YES_ERROR;
				CLANG_WARN_EMPTY_BODY = YES;
				CLANG_WARN_ENUM_CONVERSION = YES;
				CLANG_WARN_INT_CONVERSION = YES;
				CLANG_WARN_OBJC_ROOT_CLASS = YES_ERROR;
				CLANG_WARN_UNREACHABLE_CODE = YES;
				CLANG_WARN__DUPLICATE_METHOD_MATCH = YES;
				"CODE_SIGN_IDENTITY[sdk=iphoneos*]" = "iPhone Developer";
				COPY_PHASE_STRIP = NO;
				ENABLE_NS_ASSERTIONS = NO;
				ENABLE_STRICT_OBJC_MSGSEND = YES;
				GCC_C_LANGUAGE_STANDARD = gnu99;
				GCC_WARN_64_TO_32_BIT_CONVERSION = YES;
				GCC_WARN_ABOUT_RETURN_TYPE = YES_ERROR;
				GCC_WARN_UNDECLARED_SELECTOR = YES;
				GCC_WARN_UNINITIALIZED_AUTOS = YES_AGGRESSIVE;
				GCC_WARN_UNUSED_FUNCTION = YES;
				GCC_WARN_UNUSED_VARIABLE = YES;
				IPHONEOS_DEPLOYMENT_TARGET = 8.2;
				MTL_ENABLE_DEBUG_INFO = NO;
				SDKROOT = iphoneos;
				VALIDATE_PRODUCT = YES;
			};
			name = Release;
		};
		37D99ABA1AF72231008279BF /* Debug */ = {
			isa = XCBuildConfiguration;
			buildSettings = {
				ASSETCATALOG_COMPILER_APPICON_NAME = AppIcon;
				INFOPLIST_FILE = "yoteikakunin/Supporting Files/Info.plist";
				LD_RUNPATH_SEARCH_PATHS = "$(inherited) @executable_path/Frameworks";
				PRODUCT_NAME = "$(TARGET_NAME)";
			};
			name = Debug;
		};
		37D99ABB1AF72231008279BF /* Release */ = {
			isa = XCBuildConfiguration;
			buildSettings = {
				ASSETCATALOG_COMPILER_APPICON_NAME = AppIcon;
				INFOPLIST_FILE = "yoteikakunin/Supporting Files/Info.plist";
				LD_RUNPATH_SEARCH_PATHS = "$(inherited) @executable_path/Frameworks";
				PRODUCT_NAME = "$(TARGET_NAME)";
			};
			name = Release;
		};
		37D99ABD1AF72231008279BF /* Debug */ = {
			isa = XCBuildConfiguration;
			buildSettings = {
				BUNDLE_LOADER = "$(TEST_HOST)";
				FRAMEWORK_SEARCH_PATHS = (
					"$(SDKROOT)/Developer/Library/Frameworks",
					"$(inherited)",
				);
				GCC_PREPROCESSOR_DEFINITIONS = (
					"DEBUG=1",
					"$(inherited)",
				);
				INFOPLIST_FILE = "yoteikakuninTests/Supporting Files/Info.plist";
				LD_RUNPATH_SEARCH_PATHS = "$(inherited) @executable_path/Frameworks @loader_path/Frameworks";
				PRODUCT_NAME = "$(TARGET_NAME)";
				TEST_HOST = "$(BUILT_PRODUCTS_DIR)/yoteikakunin.app/yoteikakunin";
			};
			name = Debug;
		};
		37D99ABE1AF72231008279BF /* Release */ = {
			isa = XCBuildConfiguration;
			buildSettings = {
				BUNDLE_LOADER = "$(TEST_HOST)";
				FRAMEWORK_SEARCH_PATHS = (
					"$(SDKROOT)/Developer/Library/Frameworks",
					"$(inherited)",
				);
				INFOPLIST_FILE = "yoteikakuninTests/Supporting Files/Info.plist";
				LD_RUNPATH_SEARCH_PATHS = "$(inherited) @executable_path/Frameworks @loader_path/Frameworks";
				PRODUCT_NAME = "$(TARGET_NAME)";
				TEST_HOST = "$(BUILT_PRODUCTS_DIR)/yoteikakunin.app/yoteikakunin";
			};
			name = Release;
		};
/* End XCBuildConfiguration section */

/* Begin XCConfigurationList section */
		37D99A951AF72231008279BF /* Build configuration list for PBXProject "yoteikakunin" */ = {
			isa = XCConfigurationList;
			buildConfigurations = (
				37D99AB71AF72231008279BF /* Debug */,
				37D99AB81AF72231008279BF /* Release */,
			);
			defaultConfigurationIsVisible = 0;
			defaultConfigurationName = Release;
		};
		37D99AB91AF72231008279BF /* Build configuration list for PBXNativeTarget "yoteikakunin" */ = {
			isa = XCConfigurationList;
			buildConfigurations = (
				37D99ABA1AF72231008279BF /* Debug */,
				37D99ABB1AF72231008279BF /* Release */,
			);
			defaultConfigurationIsVisible = 0;
			defaultConfigurationName = Release;
		};
		37D99ABC1AF72231008279BF /* Build configuration list for PBXNativeTarget "yoteikakuninTests" */ = {
			isa = XCConfigurationList;
			buildConfigurations = (
				37D99ABD1AF72231008279BF /* Debug */,
				37D99ABE1AF72231008279BF /* Release */,
			);
			defaultConfigurationIsVisible = 0;
			defaultConfigurationName = Release;
		};
/* End XCConfigurationList section */
	};
	rootObject = 37D99A921AF72231008279BF /* Project object */;
}
