// !$*UTF8*$!
{
	archiveVersion = 1;
	classes = {
	};
	objectVersion = 46;
	objects = {

/* Begin PBXBuildFile section */
		37D99AA01AF72231008279BF /* AppDelegate.swift in Sources */ = {isa = PBXBuildFile; fileRef = 37D99A9F1AF72231008279BF /* AppDelegate.swift */; };
		37D99AA51AF72231008279BF /* Main.storyboard in Resources */ = {isa = PBXBuildFile; fileRef = 37D99AA31AF72231008279BF /* Main.storyboard */; };
		37D99AA71AF72231008279BF /* Images.xcassets in Resources */ = {isa = PBXBuildFile; fileRef = 37D99AA61AF72231008279BF /* Images.xcassets */; };
		37D99AAA1AF72231008279BF /* LaunchScreen.xib in Resources */ = {isa = PBXBuildFile; fileRef = 37D99AA81AF72231008279BF /* LaunchScreen.xib */; };
		37D99AB61AF72231008279BF /* yoteikakuninTests.swift in Sources */ = {isa = PBXBuildFile; fileRef = 37D99AB51AF72231008279BF /* yoteikakuninTests.swift */; };
		7DA0569C46E4C7722F7BA076 /* libPods-yoteikakunin.a in Frameworks */ = {isa = PBXBuildFile; fileRef = 6796720B9D40647EE8ADF0E0 /* libPods-yoteikakunin.a */; };
		AF2B98321B09E00B00A3899C /* ViewUtility.swift in Sources */ = {isa = PBXBuildFile; fileRef = AF2B98311B09E00B00A3899C /* ViewUtility.swift */; };
		AF2B98341B09F41C00A3899C /* AddFriendViewController.swift in Sources */ = {isa = PBXBuildFile; fileRef = AF2B98331B09F41C00A3899C /* AddFriendViewController.swift */; };
		AF2B98361B09F43A00A3899C /* FriendListViewController.swift in Sources */ = {isa = PBXBuildFile; fileRef = AF2B98351B09F43A00A3899C /* FriendListViewController.swift */; };
		AF2B98381B09FBE300A3899C /* FriendManager.swift in Sources */ = {isa = PBXBuildFile; fileRef = AF2B98371B09FBE300A3899C /* FriendManager.swift */; };
		AF4755391B0302E100A21F64 /* GeoUtility.swift in Sources */ = {isa = PBXBuildFile; fileRef = AF4755381B0302E100A21F64 /* GeoUtility.swift */; };
		AF84A93F1B07BFE000D2EC6F /* ListTableView.swift in Sources */ = {isa = PBXBuildFile; fileRef = AF84A93E1B07BFE000D2EC6F /* ListTableView.swift */; };
		AF921AC61AF8846E00C48469 /* UserManager.swift in Sources */ = {isa = PBXBuildFile; fileRef = AF921AC51AF8846E00C48469 /* UserManager.swift */; };
		AF921ACC1AF8861900C48469 /* LoginViewController.swift in Sources */ = {isa = PBXBuildFile; fileRef = AF921ACB1AF8861900C48469 /* LoginViewController.swift */; };
		AF921AD61AF8A33A00C48469 /* SignUpViewController.swift in Sources */ = {isa = PBXBuildFile; fileRef = AF921AD51AF8A33A00C48469 /* SignUpViewController.swift */; };
		AF921ADC1AF8AADE00C48469 /* noimage.jpg in Resources */ = {isa = PBXBuildFile; fileRef = AF921ADB1AF8AADE00C48469 /* noimage.jpg */; };
		AF921AE11AF9113C00C48469 /* Default-568h@2x.png in Resources */ = {isa = PBXBuildFile; fileRef = AF921ADE1AF9113C00C48469 /* Default-568h@2x.png */; };
		AF921AE21AF9113C00C48469 /* Default-667h@2x.png in Resources */ = {isa = PBXBuildFile; fileRef = AF921ADF1AF9113C00C48469 /* Default-667h@2x.png */; };
		AF921AE31AF9113C00C48469 /* Default-736h@3x.png in Resources */ = {isa = PBXBuildFile; fileRef = AF921AE01AF9113C00C48469 /* Default-736h@3x.png */; };
		AF921B001AF99A1D00C48469 /* add-friends_42.png in Resources */ = {isa = PBXBuildFile; fileRef = AF921AE71AF99A1D00C48469 /* add-friends_42.png */; };
		AF921B011AF99A1D00C48469 /* appo!.png in Resources */ = {isa = PBXBuildFile; fileRef = AF921AE81AF99A1D00C48469 /* appo!.png */; };
		AF921B021AF99A1D00C48469 /* appoli.png in Resources */ = {isa = PBXBuildFile; fileRef = AF921AE91AF99A1D00C48469 /* appoli.png */; };
		AF921B031AF99A1D00C48469 /* Back_45.png in Resources */ = {isa = PBXBuildFile; fileRef = AF921AEA1AF99A1D00C48469 /* Back_45.png */; };
		AF921B041AF99A1D00C48469 /* check.png in Resources */ = {isa = PBXBuildFile; fileRef = AF921AEB1AF99A1D00C48469 /* check.png */; };
		AF921B051AF99A1D00C48469 /* friend.png in Resources */ = {isa = PBXBuildFile; fileRef = AF921AEC1AF99A1D00C48469 /* friend.png */; };
		AF921B061AF99A1D00C48469 /* Friendlist_45.png in Resources */ = {isa = PBXBuildFile; fileRef = AF921AED1AF99A1D00C48469 /* Friendlist_45.png */; };
		AF921B071AF99A1D00C48469 /* handhand_07.png in Resources */ = {isa = PBXBuildFile; fileRef = AF921AEE1AF99A1D00C48469 /* handhand_07.png */; };
		AF921B081AF99A1D00C48469 /* hidari.png in Resources */ = {isa = PBXBuildFile; fileRef = AF921AEF1AF99A1D00C48469 /* hidari.png */; };
		AF921B0B1AF99A1D00C48469 /* Koruri-Bold.ttf in Resources */ = {isa = PBXBuildFile; fileRef = AF921AF21AF99A1D00C48469 /* Koruri-Bold.ttf */; };
		AF921B0C1AF99A1D00C48469 /* Koruri-Extrabold.ttf in Resources */ = {isa = PBXBuildFile; fileRef = AF921AF31AF99A1D00C48469 /* Koruri-Extrabold.ttf */; };
		AF921B0D1AF99A1D00C48469 /* Koruri-Light.ttf in Resources */ = {isa = PBXBuildFile; fileRef = AF921AF41AF99A1D00C48469 /* Koruri-Light.ttf */; };
		AF921B0E1AF99A1D00C48469 /* Koruri-Regular.ttf in Resources */ = {isa = PBXBuildFile; fileRef = AF921AF51AF99A1D00C48469 /* Koruri-Regular.ttf */; };
		AF921B0F1AF99A1D00C48469 /* Koruri-Semibold.ttf in Resources */ = {isa = PBXBuildFile; fileRef = AF921AF61AF99A1D00C48469 /* Koruri-Semibold.ttf */; };
		AF921B101AF99A1D00C48469 /* login.png in Resources */ = {isa = PBXBuildFile; fileRef = AF921AF71AF99A1D00C48469 /* login.png */; };
		AF921B111AF99A1D00C48469 /* longloginnew_31.png in Resources */ = {isa = PBXBuildFile; fileRef = AF921AF81AF99A1D00C48469 /* longloginnew_31.png */; };
		AF921B121AF99A1D00C48469 /* migi.png in Resources */ = {isa = PBXBuildFile; fileRef = AF921AF91AF99A1D00C48469 /* migi.png */; };
		AF921B141AF99A1D00C48469 /* registration.png in Resources */ = {isa = PBXBuildFile; fileRef = AF921AFB1AF99A1D00C48469 /* registration.png */; };
		AF921B151AF99A1D00C48469 /* Registration2.png in Resources */ = {isa = PBXBuildFile; fileRef = AF921AFC1AF99A1D00C48469 /* Registration2.png */; };
		AF921B161AF99A1D00C48469 /* registration_35.png in Resources */ = {isa = PBXBuildFile; fileRef = AF921AFD1AF99A1D00C48469 /* registration_35.png */; };
		AF921B171AF99A1D00C48469 /* steelfish outline.ttf in Resources */ = {isa = PBXBuildFile; fileRef = AF921AFE1AF99A1D00C48469 /* steelfish outline.ttf */; };
		AF921B181AF99A1D00C48469 /* steelfish rg.ttf in Resources */ = {isa = PBXBuildFile; fileRef = AF921AFF1AF99A1D00C48469 /* steelfish rg.ttf */; };
		AF921B1D1AF99E0100C48469 /* back.png in Resources */ = {isa = PBXBuildFile; fileRef = AF921B1B1AF99E0100C48469 /* back.png */; };
		AF921B1E1AF99E0100C48469 /* icon.jpg in Resources */ = {isa = PBXBuildFile; fileRef = AF921B1C1AF99E0100C48469 /* icon.jpg */; };
		AF921B361AF99E8C00C48469 /* Contents.json in Resources */ = {isa = PBXBuildFile; fileRef = AF921B211AF99E8C00C48469 /* Contents.json */; };
		AF921B371AF99E8C00C48469 /* Icon-40.png in Resources */ = {isa = PBXBuildFile; fileRef = AF921B221AF99E8C00C48469 /* Icon-40.png */; };
		AF921B381AF99E8C00C48469 /* Icon-40@2x.png in Resources */ = {isa = PBXBuildFile; fileRef = AF921B231AF99E8C00C48469 /* Icon-40@2x.png */; };
		AF921B391AF99E8C00C48469 /* Icon-40@3x.png in Resources */ = {isa = PBXBuildFile; fileRef = AF921B241AF99E8C00C48469 /* Icon-40@3x.png */; };
		AF921B3A1AF99E8C00C48469 /* Icon-60@2x.png in Resources */ = {isa = PBXBuildFile; fileRef = AF921B251AF99E8C00C48469 /* Icon-60@2x.png */; };
		AF921B3B1AF99E8C00C48469 /* Icon-60@3x.png in Resources */ = {isa = PBXBuildFile; fileRef = AF921B261AF99E8C00C48469 /* Icon-60@3x.png */; };
		AF921B3C1AF99E8C00C48469 /* Icon-76.png in Resources */ = {isa = PBXBuildFile; fileRef = AF921B271AF99E8C00C48469 /* Icon-76.png */; };
		AF921B3D1AF99E8C00C48469 /* Icon-76@2x.png in Resources */ = {isa = PBXBuildFile; fileRef = AF921B281AF99E8C00C48469 /* Icon-76@2x.png */; };
		AF921B3E1AF99E8C00C48469 /* Icon-Small.png in Resources */ = {isa = PBXBuildFile; fileRef = AF921B291AF99E8C00C48469 /* Icon-Small.png */; };
		AF921B3F1AF99E8C00C48469 /* Icon-Small@2x.png in Resources */ = {isa = PBXBuildFile; fileRef = AF921B2A1AF99E8C00C48469 /* Icon-Small@2x.png */; };
		AF921B401AF99E8C00C48469 /* Icon-Small@3x.png in Resources */ = {isa = PBXBuildFile; fileRef = AF921B2B1AF99E8C00C48469 /* Icon-Small@3x.png */; };
		AF921B411AF99E8C00C48469 /* Icon-60.png in Resources */ = {isa = PBXBuildFile; fileRef = AF921B2C1AF99E8C00C48469 /* Icon-60.png */; };
		AF921B421AF99E8C00C48469 /* Icon-72.png in Resources */ = {isa = PBXBuildFile; fileRef = AF921B2D1AF99E8C00C48469 /* Icon-72.png */; };
		AF921B431AF99E8C00C48469 /* Icon-72@2x.png in Resources */ = {isa = PBXBuildFile; fileRef = AF921B2E1AF99E8C00C48469 /* Icon-72@2x.png */; };
		AF921B441AF99E8C00C48469 /* Icon-Small-50.png in Resources */ = {isa = PBXBuildFile; fileRef = AF921B2F1AF99E8C00C48469 /* Icon-Small-50.png */; };
		AF921B451AF99E8C00C48469 /* Icon-Small-50@2x.png in Resources */ = {isa = PBXBuildFile; fileRef = AF921B301AF99E8C00C48469 /* Icon-Small-50@2x.png */; };
		AF921B461AF99E8C00C48469 /* Icon.png in Resources */ = {isa = PBXBuildFile; fileRef = AF921B311AF99E8C00C48469 /* Icon.png */; };
		AF921B471AF99E8C00C48469 /* Icon@2x.png in Resources */ = {isa = PBXBuildFile; fileRef = AF921B321AF99E8C00C48469 /* Icon@2x.png */; };
		AF921B481AF99E8C00C48469 /* iTunesArtwork.png in Resources */ = {isa = PBXBuildFile; fileRef = AF921B331AF99E8C00C48469 /* iTunesArtwork.png */; };
		AF921B491AF99E8C00C48469 /* iTunesArtwork@2x.png in Resources */ = {isa = PBXBuildFile; fileRef = AF921B341AF99E8C00C48469 /* iTunesArtwork@2x.png */; };
		AF921B501AFB411800C48469 /* CheckViewController.swift in Sources */ = {isa = PBXBuildFile; fileRef = AF921B4F1AFB411800C48469 /* CheckViewController.swift */; };
		AF921B521AFB72C600C48469 /* mappin@2x.png in Resources */ = {isa = PBXBuildFile; fileRef = AF921B511AFB72C600C48469 /* mappin@2x.png */; };
		AF9D565A1B5D094E00DDB0CE /* arrow@2x.jpg in Resources */ = {isa = PBXBuildFile; fileRef = AF9D56581B5D094E00DDB0CE /* arrow@2x.jpg */; };
		AF9D565D1B5D0A3300DDB0CE /* appoli-basic@2x.png in Resources */ = {isa = PBXBuildFile; fileRef = AF9D565C1B5D0A3300DDB0CE /* appoli-basic@2x.png */; };
		AF9D565F1B5D0ADA00DDB0CE /* top-bg@2x.png in Resources */ = {isa = PBXBuildFile; fileRef = AF9D565E1B5D0ADA00DDB0CE /* top-bg@2x.png */; };
		AF9D56611B5D0C4B00DDB0CE /* human@2x.png in Resources */ = {isa = PBXBuildFile; fileRef = AF9D56601B5D0C4B00DDB0CE /* human@2x.png */; };
		AF9D56631B5D0CAC00DDB0CE /* setting@2x.png in Resources */ = {isa = PBXBuildFile; fileRef = AF9D56621B5D0CAC00DDB0CE /* setting@2x.png */; };
		AF9D56651B5D12A800DDB0CE /* fukidashi@2x.png in Resources */ = {isa = PBXBuildFile; fileRef = AF9D56641B5D12A800DDB0CE /* fukidashi@2x.png */; };
		AFA46C801B82FC2A00BC6631 /* FriendsViewController.swift in Sources */ = {isa = PBXBuildFile; fileRef = AFA46C7F1B82FC2A00BC6631 /* FriendsViewController.swift */; };
		AFA46C821B831AF600BC6631 /* MapKit.framework in Frameworks */ = {isa = PBXBuildFile; fileRef = AFA46C811B831AF600BC6631 /* MapKit.framework */; };
		AFBE19291B1C34E000252CE3 /* FriendsCell.swift in Sources */ = {isa = PBXBuildFile; fileRef = AFBE19271B1C34E000252CE3 /* FriendsCell.swift */; };
		AFBE192A1B1C34E000252CE3 /* FriendsCell.xib in Resources */ = {isa = PBXBuildFile; fileRef = AFBE19281B1C34E000252CE3 /* FriendsCell.xib */; };
		AFBE192E1B1C699900252CE3 /* selected@2x.png in Resources */ = {isa = PBXBuildFile; fileRef = AFBE192D1B1C699900252CE3 /* selected@2x.png */; };
		AFBE19341B1E0EF300252CE3 /* TopViewController.swift in Sources */ = {isa = PBXBuildFile; fileRef = AFBE19331B1E0EF300252CE3 /* TopViewController.swift */; };
		AFBE19361B1E0EF900252CE3 /* SelectViewController.swift in Sources */ = {isa = PBXBuildFile; fileRef = AFBE19351B1E0EF900252CE3 /* SelectViewController.swift */; };
		AFBE19381B1E0F2D00252CE3 /* InputViewController.swift in Sources */ = {isa = PBXBuildFile; fileRef = AFBE19371B1E0F2D00252CE3 /* InputViewController.swift */; };
		AFBE193A1B1E0F3300252CE3 /* FinishViewController.swift in Sources */ = {isa = PBXBuildFile; fileRef = AFBE19391B1E0F3300252CE3 /* FinishViewController.swift */; };
/* End PBXBuildFile section */

/* Begin PBXContainerItemProxy section */
		37D99AB01AF72231008279BF /* PBXContainerItemProxy */ = {
			isa = PBXContainerItemProxy;
			containerPortal = 37D99A921AF72231008279BF /* Project object */;
			proxyType = 1;
			remoteGlobalIDString = 37D99A991AF72231008279BF;
			remoteInfo = yoteikakunin;
		};
/* End PBXContainerItemProxy section */

/* Begin PBXFileReference section */
		37D99A9A1AF72231008279BF /* yoteikakunin.app */ = {isa = PBXFileReference; explicitFileType = wrapper.application; includeInIndex = 0; path = yoteikakunin.app; sourceTree = BUILT_PRODUCTS_DIR; };
		37D99A9E1AF72231008279BF /* Info.plist */ = {isa = PBXFileReference; lastKnownFileType = text.plist.xml; path = Info.plist; sourceTree = "<group>"; };
		37D99A9F1AF72231008279BF /* AppDelegate.swift */ = {isa = PBXFileReference; lastKnownFileType = sourcecode.swift; path = AppDelegate.swift; sourceTree = "<group>"; };
		37D99AA41AF72231008279BF /* Base */ = {isa = PBXFileReference; lastKnownFileType = file.storyboard; name = Base; path = Base.lproj/Main.storyboard; sourceTree = "<group>"; };
		37D99AA61AF72231008279BF /* Images.xcassets */ = {isa = PBXFileReference; lastKnownFileType = folder.assetcatalog; path = Images.xcassets; sourceTree = "<group>"; };
		37D99AA91AF72231008279BF /* Base */ = {isa = PBXFileReference; lastKnownFileType = file.xib; name = Base; path = Base.lproj/LaunchScreen.xib; sourceTree = "<group>"; };
		37D99AAF1AF72231008279BF /* yoteikakuninTests.xctest */ = {isa = PBXFileReference; explicitFileType = wrapper.cfbundle; includeInIndex = 0; path = yoteikakuninTests.xctest; sourceTree = BUILT_PRODUCTS_DIR; };
		37D99AB41AF72231008279BF /* Info.plist */ = {isa = PBXFileReference; lastKnownFileType = text.plist.xml; path = Info.plist; sourceTree = "<group>"; };
		37D99AB51AF72231008279BF /* yoteikakuninTests.swift */ = {isa = PBXFileReference; lastKnownFileType = sourcecode.swift; path = yoteikakuninTests.swift; sourceTree = "<group>"; };
		48FF1AFD2B4DDA0F5D47EA00 /* Pods-yoteikakunin.release.xcconfig */ = {isa = PBXFileReference; includeInIndex = 1; lastKnownFileType = text.xcconfig; name = "Pods-yoteikakunin.release.xcconfig"; path = "Pods/Target Support Files/Pods-yoteikakunin/Pods-yoteikakunin.release.xcconfig"; sourceTree = "<group>"; };
		6796720B9D40647EE8ADF0E0 /* libPods-yoteikakunin.a */ = {isa = PBXFileReference; explicitFileType = archive.ar; includeInIndex = 0; path = "libPods-yoteikakunin.a"; sourceTree = BUILT_PRODUCTS_DIR; };
		AF2B982D1B09C63300A3899C /* yoteikakunin-Bridging-Header.h */ = {isa = PBXFileReference; lastKnownFileType = sourcecode.c.h; path = "yoteikakunin-Bridging-Header.h"; sourceTree = "<group>"; };
		AF2B98311B09E00B00A3899C /* ViewUtility.swift */ = {isa = PBXFileReference; fileEncoding = 4; lastKnownFileType = sourcecode.swift; path = ViewUtility.swift; sourceTree = "<group>"; };
		AF2B98331B09F41C00A3899C /* AddFriendViewController.swift */ = {isa = PBXFileReference; fileEncoding = 4; lastKnownFileType = sourcecode.swift; path = AddFriendViewController.swift; sourceTree = "<group>"; };
		AF2B98351B09F43A00A3899C /* FriendListViewController.swift */ = {isa = PBXFileReference; fileEncoding = 4; lastKnownFileType = sourcecode.swift; path = FriendListViewController.swift; sourceTree = "<group>"; };
		AF2B98371B09FBE300A3899C /* FriendManager.swift */ = {isa = PBXFileReference; fileEncoding = 4; lastKnownFileType = sourcecode.swift; path = FriendManager.swift; sourceTree = "<group>"; };
		AF4755381B0302E100A21F64 /* GeoUtility.swift */ = {isa = PBXFileReference; fileEncoding = 4; lastKnownFileType = sourcecode.swift; path = GeoUtility.swift; sourceTree = "<group>"; };
		AF84A93E1B07BFE000D2EC6F /* ListTableView.swift */ = {isa = PBXFileReference; fileEncoding = 4; lastKnownFileType = sourcecode.swift; path = ListTableView.swift; sourceTree = "<group>"; };
		AF921AC51AF8846E00C48469 /* UserManager.swift */ = {isa = PBXFileReference; fileEncoding = 4; lastKnownFileType = sourcecode.swift; path = UserManager.swift; sourceTree = "<group>"; };
		AF921ACB1AF8861900C48469 /* LoginViewController.swift */ = {isa = PBXFileReference; fileEncoding = 4; lastKnownFileType = sourcecode.swift; path = LoginViewController.swift; sourceTree = "<group>"; };
		AF921AD51AF8A33A00C48469 /* SignUpViewController.swift */ = {isa = PBXFileReference; fileEncoding = 4; lastKnownFileType = sourcecode.swift; path = SignUpViewController.swift; sourceTree = "<group>"; };
		AF921ADB1AF8AADE00C48469 /* noimage.jpg */ = {isa = PBXFileReference; lastKnownFileType = image.jpeg; path = noimage.jpg; sourceTree = "<group>"; };
		AF921ADE1AF9113C00C48469 /* Default-568h@2x.png */ = {isa = PBXFileReference; lastKnownFileType = image.png; path = "Default-568h@2x.png"; sourceTree = "<group>"; };
		AF921ADF1AF9113C00C48469 /* Default-667h@2x.png */ = {isa = PBXFileReference; lastKnownFileType = image.png; path = "Default-667h@2x.png"; sourceTree = "<group>"; };
		AF921AE01AF9113C00C48469 /* Default-736h@3x.png */ = {isa = PBXFileReference; lastKnownFileType = image.png; path = "Default-736h@3x.png"; sourceTree = "<group>"; };
		AF921AE71AF99A1D00C48469 /* add-friends_42.png */ = {isa = PBXFileReference; lastKnownFileType = image.png; path = "add-friends_42.png"; sourceTree = "<group>"; };
		AF921AE81AF99A1D00C48469 /* appo!.png */ = {isa = PBXFileReference; lastKnownFileType = image.png; path = "appo!.png"; sourceTree = "<group>"; };
		AF921AE91AF99A1D00C48469 /* appoli.png */ = {isa = PBXFileReference; lastKnownFileType = image.png; path = appoli.png; sourceTree = "<group>"; };
		AF921AEA1AF99A1D00C48469 /* Back_45.png */ = {isa = PBXFileReference; lastKnownFileType = image.png; path = Back_45.png; sourceTree = "<group>"; };
		AF921AEB1AF99A1D00C48469 /* check.png */ = {isa = PBXFileReference; lastKnownFileType = image.png; path = check.png; sourceTree = "<group>"; };
		AF921AEC1AF99A1D00C48469 /* friend.png */ = {isa = PBXFileReference; lastKnownFileType = image.png; path = friend.png; sourceTree = "<group>"; };
		AF921AED1AF99A1D00C48469 /* Friendlist_45.png */ = {isa = PBXFileReference; lastKnownFileType = image.png; path = Friendlist_45.png; sourceTree = "<group>"; };
		AF921AEE1AF99A1D00C48469 /* handhand_07.png */ = {isa = PBXFileReference; lastKnownFileType = image.png; path = handhand_07.png; sourceTree = "<group>"; };
		AF921AEF1AF99A1D00C48469 /* hidari.png */ = {isa = PBXFileReference; lastKnownFileType = image.png; path = hidari.png; sourceTree = "<group>"; };
		AF921AF21AF99A1D00C48469 /* Koruri-Bold.ttf */ = {isa = PBXFileReference; lastKnownFileType = file; path = "Koruri-Bold.ttf"; sourceTree = "<group>"; };
		AF921AF31AF99A1D00C48469 /* Koruri-Extrabold.ttf */ = {isa = PBXFileReference; lastKnownFileType = file; path = "Koruri-Extrabold.ttf"; sourceTree = "<group>"; };
		AF921AF41AF99A1D00C48469 /* Koruri-Light.ttf */ = {isa = PBXFileReference; lastKnownFileType = file; path = "Koruri-Light.ttf"; sourceTree = "<group>"; };
		AF921AF51AF99A1D00C48469 /* Koruri-Regular.ttf */ = {isa = PBXFileReference; lastKnownFileType = file; path = "Koruri-Regular.ttf"; sourceTree = "<group>"; };
		AF921AF61AF99A1D00C48469 /* Koruri-Semibold.ttf */ = {isa = PBXFileReference; lastKnownFileType = file; path = "Koruri-Semibold.ttf"; sourceTree = "<group>"; };
		AF921AF71AF99A1D00C48469 /* login.png */ = {isa = PBXFileReference; lastKnownFileType = image.png; path = login.png; sourceTree = "<group>"; };
		AF921AF81AF99A1D00C48469 /* longloginnew_31.png */ = {isa = PBXFileReference; lastKnownFileType = image.png; path = longloginnew_31.png; sourceTree = "<group>"; };
		AF921AF91AF99A1D00C48469 /* migi.png */ = {isa = PBXFileReference; lastKnownFileType = image.png; path = migi.png; sourceTree = "<group>"; };
		AF921AFB1AF99A1D00C48469 /* registration.png */ = {isa = PBXFileReference; lastKnownFileType = image.png; path = registration.png; sourceTree = "<group>"; };
		AF921AFC1AF99A1D00C48469 /* Registration2.png */ = {isa = PBXFileReference; lastKnownFileType = image.png; path = Registration2.png; sourceTree = "<group>"; };
		AF921AFD1AF99A1D00C48469 /* registration_35.png */ = {isa = PBXFileReference; lastKnownFileType = image.png; path = registration_35.png; sourceTree = "<group>"; };
		AF921AFE1AF99A1D00C48469 /* steelfish outline.ttf */ = {isa = PBXFileReference; lastKnownFileType = file; path = "steelfish outline.ttf"; sourceTree = "<group>"; };
		AF921AFF1AF99A1D00C48469 /* steelfish rg.ttf */ = {isa = PBXFileReference; lastKnownFileType = file; path = "steelfish rg.ttf"; sourceTree = "<group>"; };
		AF921B1B1AF99E0100C48469 /* back.png */ = {isa = PBXFileReference; lastKnownFileType = image.png; path = back.png; sourceTree = "<group>"; };
		AF921B1C1AF99E0100C48469 /* icon.jpg */ = {isa = PBXFileReference; lastKnownFileType = image.jpeg; path = icon.jpg; sourceTree = "<group>"; };
		AF921B211AF99E8C00C48469 /* Contents.json */ = {isa = PBXFileReference; fileEncoding = 4; lastKnownFileType = text.json; path = Contents.json; sourceTree = "<group>"; };
		AF921B221AF99E8C00C48469 /* Icon-40.png */ = {isa = PBXFileReference; lastKnownFileType = image.png; path = "Icon-40.png"; sourceTree = "<group>"; };
		AF921B231AF99E8C00C48469 /* Icon-40@2x.png */ = {isa = PBXFileReference; lastKnownFileType = image.png; path = "Icon-40@2x.png"; sourceTree = "<group>"; };
		AF921B241AF99E8C00C48469 /* Icon-40@3x.png */ = {isa = PBXFileReference; lastKnownFileType = image.png; path = "Icon-40@3x.png"; sourceTree = "<group>"; };
		AF921B251AF99E8C00C48469 /* Icon-60@2x.png */ = {isa = PBXFileReference; lastKnownFileType = image.png; path = "Icon-60@2x.png"; sourceTree = "<group>"; };
		AF921B261AF99E8C00C48469 /* Icon-60@3x.png */ = {isa = PBXFileReference; lastKnownFileType = image.png; path = "Icon-60@3x.png"; sourceTree = "<group>"; };
		AF921B271AF99E8C00C48469 /* Icon-76.png */ = {isa = PBXFileReference; lastKnownFileType = image.png; path = "Icon-76.png"; sourceTree = "<group>"; };
		AF921B281AF99E8C00C48469 /* Icon-76@2x.png */ = {isa = PBXFileReference; lastKnownFileType = image.png; path = "Icon-76@2x.png"; sourceTree = "<group>"; };
		AF921B291AF99E8C00C48469 /* Icon-Small.png */ = {isa = PBXFileReference; lastKnownFileType = image.png; path = "Icon-Small.png"; sourceTree = "<group>"; };
		AF921B2A1AF99E8C00C48469 /* Icon-Small@2x.png */ = {isa = PBXFileReference; lastKnownFileType = image.png; path = "Icon-Small@2x.png"; sourceTree = "<group>"; };
		AF921B2B1AF99E8C00C48469 /* Icon-Small@3x.png */ = {isa = PBXFileReference; lastKnownFileType = image.png; path = "Icon-Small@3x.png"; sourceTree = "<group>"; };
		AF921B2C1AF99E8C00C48469 /* Icon-60.png */ = {isa = PBXFileReference; lastKnownFileType = image.png; path = "Icon-60.png"; sourceTree = "<group>"; };
		AF921B2D1AF99E8C00C48469 /* Icon-72.png */ = {isa = PBXFileReference; lastKnownFileType = image.png; path = "Icon-72.png"; sourceTree = "<group>"; };
		AF921B2E1AF99E8C00C48469 /* Icon-72@2x.png */ = {isa = PBXFileReference; lastKnownFileType = image.png; path = "Icon-72@2x.png"; sourceTree = "<group>"; };
		AF921B2F1AF99E8C00C48469 /* Icon-Small-50.png */ = {isa = PBXFileReference; lastKnownFileType = image.png; path = "Icon-Small-50.png"; sourceTree = "<group>"; };
		AF921B301AF99E8C00C48469 /* Icon-Small-50@2x.png */ = {isa = PBXFileReference; lastKnownFileType = image.png; path = "Icon-Small-50@2x.png"; sourceTree = "<group>"; };
		AF921B311AF99E8C00C48469 /* Icon.png */ = {isa = PBXFileReference; lastKnownFileType = image.png; path = Icon.png; sourceTree = "<group>"; };
		AF921B321AF99E8C00C48469 /* Icon@2x.png */ = {isa = PBXFileReference; lastKnownFileType = image.png; path = "Icon@2x.png"; sourceTree = "<group>"; };
		AF921B331AF99E8C00C48469 /* iTunesArtwork.png */ = {isa = PBXFileReference; lastKnownFileType = image.png; path = iTunesArtwork.png; sourceTree = "<group>"; };
		AF921B341AF99E8C00C48469 /* iTunesArtwork@2x.png */ = {isa = PBXFileReference; lastKnownFileType = image.png; path = "iTunesArtwork@2x.png"; sourceTree = "<group>"; };
		AF921B4F1AFB411800C48469 /* CheckViewController.swift */ = {isa = PBXFileReference; fileEncoding = 4; lastKnownFileType = sourcecode.swift; path = CheckViewController.swift; sourceTree = "<group>"; };
		AF921B511AFB72C600C48469 /* mappin@2x.png */ = {isa = PBXFileReference; lastKnownFileType = image.png; path = "mappin@2x.png"; sourceTree = "<group>"; };
		AF9D56581B5D094E00DDB0CE /* arrow@2x.jpg */ = {isa = PBXFileReference; lastKnownFileType = image.jpeg; path = "arrow@2x.jpg"; sourceTree = "<group>"; };
		AF9D565C1B5D0A3300DDB0CE /* appoli-basic@2x.png */ = {isa = PBXFileReference; lastKnownFileType = image.png; path = "appoli-basic@2x.png"; sourceTree = "<group>"; };
		AF9D565E1B5D0ADA00DDB0CE /* top-bg@2x.png */ = {isa = PBXFileReference; lastKnownFileType = image.png; path = "top-bg@2x.png"; sourceTree = "<group>"; };
		AF9D56601B5D0C4B00DDB0CE /* human@2x.png */ = {isa = PBXFileReference; lastKnownFileType = image.png; path = "human@2x.png"; sourceTree = "<group>"; };
		AF9D56621B5D0CAC00DDB0CE /* setting@2x.png */ = {isa = PBXFileReference; lastKnownFileType = image.png; path = "setting@2x.png"; sourceTree = "<group>"; };
		AF9D56641B5D12A800DDB0CE /* fukidashi@2x.png */ = {isa = PBXFileReference; lastKnownFileType = image.png; path = "fukidashi@2x.png"; sourceTree = "<group>"; };
		AFA46C7F1B82FC2A00BC6631 /* FriendsViewController.swift */ = {isa = PBXFileReference; fileEncoding = 4; lastKnownFileType = sourcecode.swift; path = FriendsViewController.swift; sourceTree = "<group>"; };
		AFA46C811B831AF600BC6631 /* MapKit.framework */ = {isa = PBXFileReference; lastKnownFileType = wrapper.framework; name = MapKit.framework; path = System/Library/Frameworks/MapKit.framework; sourceTree = SDKROOT; };
		AFBE19271B1C34E000252CE3 /* FriendsCell.swift */ = {isa = PBXFileReference; fileEncoding = 4; lastKnownFileType = sourcecode.swift; path = FriendsCell.swift; sourceTree = "<group>"; };
		AFBE19281B1C34E000252CE3 /* FriendsCell.xib */ = {isa = PBXFileReference; fileEncoding = 4; lastKnownFileType = file.xib; path = FriendsCell.xib; sourceTree = "<group>"; };
		AFBE192D1B1C699900252CE3 /* selected@2x.png */ = {isa = PBXFileReference; lastKnownFileType = image.png; path = "selected@2x.png"; sourceTree = "<group>"; };
		AFBE19331B1E0EF300252CE3 /* TopViewController.swift */ = {isa = PBXFileReference; fileEncoding = 4; lastKnownFileType = sourcecode.swift; path = TopViewController.swift; sourceTree = "<group>"; };
		AFBE19351B1E0EF900252CE3 /* SelectViewController.swift */ = {isa = PBXFileReference; fileEncoding = 4; lastKnownFileType = sourcecode.swift; path = SelectViewController.swift; sourceTree = "<group>"; };
		AFBE19371B1E0F2D00252CE3 /* InputViewController.swift */ = {isa = PBXFileReference; fileEncoding = 4; lastKnownFileType = sourcecode.swift; path = InputViewController.swift; sourceTree = "<group>"; };
		AFBE19391B1E0F3300252CE3 /* FinishViewController.swift */ = {isa = PBXFileReference; fileEncoding = 4; lastKnownFileType = sourcecode.swift; path = FinishViewController.swift; sourceTree = "<group>"; };
		E70F23573823342493603B6A /* Pods-yoteikakunin.debug.xcconfig */ = {isa = PBXFileReference; includeInIndex = 1; lastKnownFileType = text.xcconfig; name = "Pods-yoteikakunin.debug.xcconfig"; path = "Pods/Target Support Files/Pods-yoteikakunin/Pods-yoteikakunin.debug.xcconfig"; sourceTree = "<group>"; };
/* End PBXFileReference section */

/* Begin PBXFrameworksBuildPhase section */
		37D99A971AF72231008279BF /* Frameworks */ = {
			isa = PBXFrameworksBuildPhase;
			buildActionMask = 2147483647;
			files = (
				AFA46C821B831AF600BC6631 /* MapKit.framework in Frameworks */,
				7DA0569C46E4C7722F7BA076 /* libPods-yoteikakunin.a in Frameworks */,
			);
			runOnlyForDeploymentPostprocessing = 0;
		};
		37D99AAC1AF72231008279BF /* Frameworks */ = {
			isa = PBXFrameworksBuildPhase;
			buildActionMask = 2147483647;
			files = (
			);
			runOnlyForDeploymentPostprocessing = 0;
		};
/* End PBXFrameworksBuildPhase section */

/* Begin PBXGroup section */
		37D99A911AF72231008279BF = {
			isa = PBXGroup;
			children = (
				37D99A9C1AF72231008279BF /* yoteikakunin */,
				37D99AB21AF72231008279BF /* yoteikakuninTests */,
				37D99A9B1AF72231008279BF /* Products */,
				A374315F836333F624E367E5 /* Pods */,
				4FE10AB9077E791F7B703EC6 /* Frameworks */,
			);
			sourceTree = "<group>";
		};
		37D99A9B1AF72231008279BF /* Products */ = {
			isa = PBXGroup;
			children = (
				37D99A9A1AF72231008279BF /* yoteikakunin.app */,
				37D99AAF1AF72231008279BF /* yoteikakuninTests.xctest */,
			);
			name = Products;
			sourceTree = "<group>";
		};
		37D99A9C1AF72231008279BF /* yoteikakunin */ = {
			isa = PBXGroup;
			children = (
				37D99A9F1AF72231008279BF /* AppDelegate.swift */,
				AF921ACD1AF8865200C48469 /* Resources */,
				AF921AC31AF883BF00C48469 /* Utility */,
				AF84DA221B07B77F00578339 /* Views */,
				AF921AC41AF8844E00C48469 /* Controllers */,
				37D99AA31AF72231008279BF /* Main.storyboard */,
				37D99AA61AF72231008279BF /* Images.xcassets */,
				37D99AA81AF72231008279BF /* LaunchScreen.xib */,
				37D99A9D1AF72231008279BF /* Supporting Files */,
			);
			path = yoteikakunin;
			sourceTree = "<group>";
		};
		37D99A9D1AF72231008279BF /* Supporting Files */ = {
			isa = PBXGroup;
			children = (
				37D99A9E1AF72231008279BF /* Info.plist */,
				AF2B982D1B09C63300A3899C /* yoteikakunin-Bridging-Header.h */,
			);
			path = "Supporting Files";
			sourceTree = "<group>";
		};
		37D99AB21AF72231008279BF /* yoteikakuninTests */ = {
			isa = PBXGroup;
			children = (
				37D99AB51AF72231008279BF /* yoteikakuninTests.swift */,
				37D99AB31AF72231008279BF /* Supporting Files */,
			);
			path = yoteikakuninTests;
			sourceTree = "<group>";
		};
		37D99AB31AF72231008279BF /* Supporting Files */ = {
			isa = PBXGroup;
			children = (
				37D99AB41AF72231008279BF /* Info.plist */,
			);
			path = "Supporting Files";
			sourceTree = "<group>";
		};
		4FE10AB9077E791F7B703EC6 /* Frameworks */ = {
			isa = PBXGroup;
			children = (
				AFA46C811B831AF600BC6631 /* MapKit.framework */,
				6796720B9D40647EE8ADF0E0 /* libPods-yoteikakunin.a */,
			);
			name = Frameworks;
			sourceTree = "<group>";
		};
		A374315F836333F624E367E5 /* Pods */ = {
			isa = PBXGroup;
			children = (
				E70F23573823342493603B6A /* Pods-yoteikakunin.debug.xcconfig */,
				48FF1AFD2B4DDA0F5D47EA00 /* Pods-yoteikakunin.release.xcconfig */,
			);
			name = Pods;
			sourceTree = "<group>";
		};
		AF84DA221B07B77F00578339 /* Views */ = {
			isa = PBXGroup;
			children = (
				AF84A93E1B07BFE000D2EC6F /* ListTableView.swift */,
				AFBE19271B1C34E000252CE3 /* FriendsCell.swift */,
				AFBE19281B1C34E000252CE3 /* FriendsCell.xib */,
			);
			path = Views;
			sourceTree = "<group>";
		};
		AF921AC31AF883BF00C48469 /* Utility */ = {
			isa = PBXGroup;
			children = (
				AF921AC51AF8846E00C48469 /* UserManager.swift */,
				AF2B98371B09FBE300A3899C /* FriendManager.swift */,
				AF4755381B0302E100A21F64 /* GeoUtility.swift */,
				AF2B98311B09E00B00A3899C /* ViewUtility.swift */,
			);
			path = Utility;
			sourceTree = "<group>";
		};
		AF921AC41AF8844E00C48469 /* Controllers */ = {
			isa = PBXGroup;
			children = (
				AFBE19321B1E0EEB00252CE3 /* Send */,
				AF921ACA1AF8860A00C48469 /* Login */,
				AF921AC81AF884F000C48469 /* Check */,
				AF921AC91AF8850300C48469 /* Friends */,
			);
			path = Controllers;
			sourceTree = "<group>";
		};
		AF921AC81AF884F000C48469 /* Check */ = {
			isa = PBXGroup;
			children = (
				AF921B4F1AFB411800C48469 /* CheckViewController.swift */,
			);
			path = Check;
			sourceTree = "<group>";
		};
		AF921AC91AF8850300C48469 /* Friends */ = {
			isa = PBXGroup;
			children = (
				AFA46C7F1B82FC2A00BC6631 /* FriendsViewController.swift */,
				AF2B98331B09F41C00A3899C /* AddFriendViewController.swift */,
				AF2B98351B09F43A00A3899C /* FriendListViewController.swift */,
			);
			path = Friends;
			sourceTree = "<group>";
		};
		AF921ACA1AF8860A00C48469 /* Login */ = {
			isa = PBXGroup;
			children = (
				AF921ACB1AF8861900C48469 /* LoginViewController.swift */,
				AF921AD51AF8A33A00C48469 /* SignUpViewController.swift */,
			);
			path = Login;
			sourceTree = "<group>";
		};
		AF921ACD1AF8865200C48469 /* Resources */ = {
			isa = PBXGroup;
			children = (
				AF9D56641B5D12A800DDB0CE /* fukidashi@2x.png */,
				AF9D56621B5D0CAC00DDB0CE /* setting@2x.png */,
				AF9D56601B5D0C4B00DDB0CE /* human@2x.png */,
				AF9D565E1B5D0ADA00DDB0CE /* top-bg@2x.png */,
				AF9D565C1B5D0A3300DDB0CE /* appoli-basic@2x.png */,
				AF9D56581B5D094E00DDB0CE /* arrow@2x.jpg */,
				AFBE192F1B1E0AE100252CE3 /* Fonts */,
				AF921AE61AF99A1D00C48469 /* Images */,
			);
			path = Resources;
			sourceTree = "<group>";
		};
		AF921ADD1AF9113C00C48469 /* Defaults */ = {
			isa = PBXGroup;
			children = (
				AF921ADE1AF9113C00C48469 /* Default-568h@2x.png */,
				AF921ADF1AF9113C00C48469 /* Default-667h@2x.png */,
				AF921AE01AF9113C00C48469 /* Default-736h@3x.png */,
			);
			name = Defaults;
			path = ../Defaults;
			sourceTree = "<group>";
		};
		AF921AE61AF99A1D00C48469 /* Images */ = {
			isa = PBXGroup;
			children = (
				AF921ADD1AF9113C00C48469 /* Defaults */,
				AF921B1F1AF99E8C00C48469 /* icons */,
				AFBE192D1B1C699900252CE3 /* selected@2x.png */,
				AF921ADB1AF8AADE00C48469 /* noimage.jpg */,
				AF921B1B1AF99E0100C48469 /* back.png */,
				AF921B511AFB72C600C48469 /* mappin@2x.png */,
				AF921B1C1AF99E0100C48469 /* icon.jpg */,
				AF921AE71AF99A1D00C48469 /* add-friends_42.png */,
				AF921AE81AF99A1D00C48469 /* appo!.png */,
				AF921AE91AF99A1D00C48469 /* appoli.png */,
				AF921AEA1AF99A1D00C48469 /* Back_45.png */,
				AF921AEB1AF99A1D00C48469 /* check.png */,
				AF921AEC1AF99A1D00C48469 /* friend.png */,
				AF921AED1AF99A1D00C48469 /* Friendlist_45.png */,
				AF921AEE1AF99A1D00C48469 /* handhand_07.png */,
				AF921AEF1AF99A1D00C48469 /* hidari.png */,
				AF921AF71AF99A1D00C48469 /* login.png */,
				AF921AF81AF99A1D00C48469 /* longloginnew_31.png */,
				AF921AF91AF99A1D00C48469 /* migi.png */,
				AF921AFB1AF99A1D00C48469 /* registration.png */,
				AF921AFC1AF99A1D00C48469 /* Registration2.png */,
				AF921AFD1AF99A1D00C48469 /* registration_35.png */,
			);
			path = Images;
			sourceTree = "<group>";
		};
		AF921B1F1AF99E8C00C48469 /* icons */ = {
			isa = PBXGroup;
			children = (
				AF921B201AF99E8C00C48469 /* AppIcon.appiconset */,
				AF921B2C1AF99E8C00C48469 /* Icon-60.png */,
				AF921B2D1AF99E8C00C48469 /* Icon-72.png */,
				AF921B2E1AF99E8C00C48469 /* Icon-72@2x.png */,
				AF921B2F1AF99E8C00C48469 /* Icon-Small-50.png */,
				AF921B301AF99E8C00C48469 /* Icon-Small-50@2x.png */,
				AF921B311AF99E8C00C48469 /* Icon.png */,
				AF921B321AF99E8C00C48469 /* Icon@2x.png */,
				AF921B331AF99E8C00C48469 /* iTunesArtwork.png */,
				AF921B341AF99E8C00C48469 /* iTunesArtwork@2x.png */,
			);
			name = icons;
			path = ios;
			sourceTree = "<group>";
		};
		AF921B201AF99E8C00C48469 /* AppIcon.appiconset */ = {
			isa = PBXGroup;
			children = (
				AF921B211AF99E8C00C48469 /* Contents.json */,
				AF921B221AF99E8C00C48469 /* Icon-40.png */,
				AF921B231AF99E8C00C48469 /* Icon-40@2x.png */,
				AF921B241AF99E8C00C48469 /* Icon-40@3x.png */,
				AF921B251AF99E8C00C48469 /* Icon-60@2x.png */,
				AF921B261AF99E8C00C48469 /* Icon-60@3x.png */,
				AF921B271AF99E8C00C48469 /* Icon-76.png */,
				AF921B281AF99E8C00C48469 /* Icon-76@2x.png */,
				AF921B291AF99E8C00C48469 /* Icon-Small.png */,
				AF921B2A1AF99E8C00C48469 /* Icon-Small@2x.png */,
				AF921B2B1AF99E8C00C48469 /* Icon-Small@3x.png */,
			);
			path = AppIcon.appiconset;
			sourceTree = "<group>";
		};
		AFBE192F1B1E0AE100252CE3 /* Fonts */ = {
			isa = PBXGroup;
			children = (
				AF921AF21AF99A1D00C48469 /* Koruri-Bold.ttf */,
				AF921AF31AF99A1D00C48469 /* Koruri-Extrabold.ttf */,
				AF921AF41AF99A1D00C48469 /* Koruri-Light.ttf */,
				AF921AF51AF99A1D00C48469 /* Koruri-Regular.ttf */,
				AF921AF61AF99A1D00C48469 /* Koruri-Semibold.ttf */,
				AF921AFE1AF99A1D00C48469 /* steelfish outline.ttf */,
				AF921AFF1AF99A1D00C48469 /* steelfish rg.ttf */,
			);
			name = Fonts;
			path = Font;
			sourceTree = "<group>";
		};
		AFBE19321B1E0EEB00252CE3 /* Send */ = {
			isa = PBXGroup;
			children = (
				AFBE19331B1E0EF300252CE3 /* TopViewController.swift */,
				AFBE19371B1E0F2D00252CE3 /* InputViewController.swift */,
				AFBE19351B1E0EF900252CE3 /* SelectViewController.swift */,
				AFBE19391B1E0F3300252CE3 /* FinishViewController.swift */,
			);
			name = Send;
			sourceTree = "<group>";
		};
/* End PBXGroup section */

/* Begin PBXNativeTarget section */
		37D99A991AF72231008279BF /* yoteikakunin */ = {
			isa = PBXNativeTarget;
			buildConfigurationList = 37D99AB91AF72231008279BF /* Build configuration list for PBXNativeTarget "yoteikakunin" */;
			buildPhases = (
				DB9E94123D5A0FF262769773 /* Check Pods Manifest.lock */,
				37D99A961AF72231008279BF /* Sources */,
				37D99A971AF72231008279BF /* Frameworks */,
				37D99A981AF72231008279BF /* Resources */,
				4C9AB2946E103E99F43A548D /* Copy Pods Resources */,
			);
			buildRules = (
			);
			dependencies = (
			);
			name = yoteikakunin;
			productName = yoteikakunin;
			productReference = 37D99A9A1AF72231008279BF /* yoteikakunin.app */;
			productType = "com.apple.product-type.application";
		};
		37D99AAE1AF72231008279BF /* yoteikakuninTests */ = {
			isa = PBXNativeTarget;
			buildConfigurationList = 37D99ABC1AF72231008279BF /* Build configuration list for PBXNativeTarget "yoteikakuninTests" */;
			buildPhases = (
				37D99AAB1AF72231008279BF /* Sources */,
				37D99AAC1AF72231008279BF /* Frameworks */,
				37D99AAD1AF72231008279BF /* Resources */,
			);
			buildRules = (
			);
			dependencies = (
				37D99AB11AF72231008279BF /* PBXTargetDependency */,
			);
			name = yoteikakuninTests;
			productName = yoteikakuninTests;
			productReference = 37D99AAF1AF72231008279BF /* yoteikakuninTests.xctest */;
			productType = "com.apple.product-type.bundle.unit-test";
		};
/* End PBXNativeTarget section */

/* Begin PBXProject section */
		37D99A921AF72231008279BF /* Project object */ = {
			isa = PBXProject;
			attributes = {
				LastSwiftUpdateCheck = 0700;
				LastUpgradeCheck = 0620;
				ORGANIZATIONNAME = srrn;
				TargetAttributes = {
					37D99A991AF72231008279BF = {
						CreatedOnToolsVersion = 6.2;
					};
					37D99AAE1AF72231008279BF = {
						CreatedOnToolsVersion = 6.2;
						TestTargetID = 37D99A991AF72231008279BF;
					};
				};
			};
			buildConfigurationList = 37D99A951AF72231008279BF /* Build configuration list for PBXProject "yoteikakunin" */;
			compatibilityVersion = "Xcode 3.2";
			developmentRegion = English;
			hasScannedForEncodings = 0;
			knownRegions = (
				en,
				Base,
			);
			mainGroup = 37D99A911AF72231008279BF;
			productRefGroup = 37D99A9B1AF72231008279BF /* Products */;
			projectDirPath = "";
			projectRoot = "";
			targets = (
				37D99A991AF72231008279BF /* yoteikakunin */,
				37D99AAE1AF72231008279BF /* yoteikakuninTests */,
			);
		};
/* End PBXProject section */

/* Begin PBXResourcesBuildPhase section */
		37D99A981AF72231008279BF /* Resources */ = {
			isa = PBXResourcesBuildPhase;
			buildActionMask = 2147483647;
			files = (
				AF921B471AF99E8C00C48469 /* Icon@2x.png in Resources */,
				AF921B371AF99E8C00C48469 /* Icon-40.png in Resources */,
				AF9D565D1B5D0A3300DDB0CE /* appoli-basic@2x.png in Resources */,
				37D99AA51AF72231008279BF /* Main.storyboard in Resources */,
				AF921B1E1AF99E0100C48469 /* icon.jpg in Resources */,
				AF921B3F1AF99E8C00C48469 /* Icon-Small@2x.png in Resources */,
				AF921AE21AF9113C00C48469 /* Default-667h@2x.png in Resources */,
				AF921B1D1AF99E0100C48469 /* back.png in Resources */,
				AF9D565F1B5D0ADA00DDB0CE /* top-bg@2x.png in Resources */,
				37D99AAA1AF72231008279BF /* LaunchScreen.xib in Resources */,
				AF921B411AF99E8C00C48469 /* Icon-60.png in Resources */,
				AF921B071AF99A1D00C48469 /* handhand_07.png in Resources */,
				AF9D56611B5D0C4B00DDB0CE /* human@2x.png in Resources */,
				AF921B001AF99A1D00C48469 /* add-friends_42.png in Resources */,
				AF921B0E1AF99A1D00C48469 /* Koruri-Regular.ttf in Resources */,
				AF921B0B1AF99A1D00C48469 /* Koruri-Bold.ttf in Resources */,
				AF921B121AF99A1D00C48469 /* migi.png in Resources */,
				AF921B3E1AF99E8C00C48469 /* Icon-Small.png in Resources */,
				AF921B361AF99E8C00C48469 /* Contents.json in Resources */,
				AF921B0F1AF99A1D00C48469 /* Koruri-Semibold.ttf in Resources */,
				AF921B441AF99E8C00C48469 /* Icon-Small-50.png in Resources */,
				AF921B011AF99A1D00C48469 /* appo!.png in Resources */,
				AF9D56631B5D0CAC00DDB0CE /* setting@2x.png in Resources */,
				AF921ADC1AF8AADE00C48469 /* noimage.jpg in Resources */,
				AF921B461AF99E8C00C48469 /* Icon.png in Resources */,
				AF9D56651B5D12A800DDB0CE /* fukidashi@2x.png in Resources */,
				AF921B391AF99E8C00C48469 /* Icon-40@3x.png in Resources */,
				AF921B3D1AF99E8C00C48469 /* Icon-76@2x.png in Resources */,
				AF921B431AF99E8C00C48469 /* Icon-72@2x.png in Resources */,
				AF9D565A1B5D094E00DDB0CE /* arrow@2x.jpg in Resources */,
				AF921B3C1AF99E8C00C48469 /* Icon-76.png in Resources */,
				AF921B181AF99A1D00C48469 /* steelfish rg.ttf in Resources */,
				AF921B161AF99A1D00C48469 /* registration_35.png in Resources */,
				AF921B111AF99A1D00C48469 /* longloginnew_31.png in Resources */,
				AF921B0D1AF99A1D00C48469 /* Koruri-Light.ttf in Resources */,
				AFBE192A1B1C34E000252CE3 /* FriendsCell.xib in Resources */,
				AF921B041AF99A1D00C48469 /* check.png in Resources */,
				AF921B101AF99A1D00C48469 /* login.png in Resources */,
				AF921B421AF99E8C00C48469 /* Icon-72.png in Resources */,
				AF921B3B1AF99E8C00C48469 /* Icon-60@3x.png in Resources */,
				AF921B0C1AF99A1D00C48469 /* Koruri-Extrabold.ttf in Resources */,
				AF921AE11AF9113C00C48469 /* Default-568h@2x.png in Resources */,
				AF921B521AFB72C600C48469 /* mappin@2x.png in Resources */,
				AF921B451AF99E8C00C48469 /* Icon-Small-50@2x.png in Resources */,
				AF921B031AF99A1D00C48469 /* Back_45.png in Resources */,
				37D99AA71AF72231008279BF /* Images.xcassets in Resources */,
				AF921B481AF99E8C00C48469 /* iTunesArtwork.png in Resources */,
				AF921B021AF99A1D00C48469 /* appoli.png in Resources */,
				AF921B3A1AF99E8C00C48469 /* Icon-60@2x.png in Resources */,
				AF921B051AF99A1D00C48469 /* friend.png in Resources */,
				AF921B491AF99E8C00C48469 /* iTunesArtwork@2x.png in Resources */,
				AF921B061AF99A1D00C48469 /* Friendlist_45.png in Resources */,
				AF921B081AF99A1D00C48469 /* hidari.png in Resources */,
				AF921B171AF99A1D00C48469 /* steelfish outline.ttf in Resources */,
				AF921B151AF99A1D00C48469 /* Registration2.png in Resources */,
				AF921B401AF99E8C00C48469 /* Icon-Small@3x.png in Resources */,
				AF921B381AF99E8C00C48469 /* Icon-40@2x.png in Resources */,
				AFBE192E1B1C699900252CE3 /* selected@2x.png in Resources */,
				AF921B141AF99A1D00C48469 /* registration.png in Resources */,
				AF921AE31AF9113C00C48469 /* Default-736h@3x.png in Resources */,
			);
			runOnlyForDeploymentPostprocessing = 0;
		};
		37D99AAD1AF72231008279BF /* Resources */ = {
			isa = PBXResourcesBuildPhase;
			buildActionMask = 2147483647;
			files = (
			);
			runOnlyForDeploymentPostprocessing = 0;
		};
/* End PBXResourcesBuildPhase section */

/* Begin PBXShellScriptBuildPhase section */
		4C9AB2946E103E99F43A548D /* Copy Pods Resources */ = {
			isa = PBXShellScriptBuildPhase;
			buildActionMask = 2147483647;
			files = (
			);
			inputPaths = (
			);
			name = "Copy Pods Resources";
			outputPaths = (
			);
			runOnlyForDeploymentPostprocessing = 0;
			shellPath = /bin/sh;
			shellScript = "\"${SRCROOT}/Pods/Target Support Files/Pods-yoteikakunin/Pods-yoteikakunin-resources.sh\"\n";
			showEnvVarsInLog = 0;
		};
		DB9E94123D5A0FF262769773 /* Check Pods Manifest.lock */ = {
			isa = PBXShellScriptBuildPhase;
			buildActionMask = 2147483647;
			files = (
			);
			inputPaths = (
			);
			name = "Check Pods Manifest.lock";
			outputPaths = (
			);
			runOnlyForDeploymentPostprocessing = 0;
			shellPath = /bin/sh;
			shellScript = "diff \"${PODS_ROOT}/../Podfile.lock\" \"${PODS_ROOT}/Manifest.lock\" > /dev/null\nif [[ $? != 0 ]] ; then\n    cat << EOM\nerror: The sandbox is not in sync with the Podfile.lock. Run 'pod install' or update your CocoaPods installation.\nEOM\n    exit 1\nfi\n";
			showEnvVarsInLog = 0;
		};
/* End PBXShellScriptBuildPhase section */

/* Begin PBXSourcesBuildPhase section */
		37D99A961AF72231008279BF /* Sources */ = {
			isa = PBXSourcesBuildPhase;
			buildActionMask = 2147483647;
			files = (
				AF921ACC1AF8861900C48469 /* LoginViewController.swift in Sources */,
				AF2B98381B09FBE300A3899C /* FriendManager.swift in Sources */,
				AF84A93F1B07BFE000D2EC6F /* ListTableView.swift in Sources */,
				AFBE19381B1E0F2D00252CE3 /* InputViewController.swift in Sources */,
				AFA46C801B82FC2A00BC6631 /* FriendsViewController.swift in Sources */,
				AF921AC61AF8846E00C48469 /* UserManager.swift in Sources */,
				AF921AD61AF8A33A00C48469 /* SignUpViewController.swift in Sources */,
				AF921B501AFB411800C48469 /* CheckViewController.swift in Sources */,
				AFBE19341B1E0EF300252CE3 /* TopViewController.swift in Sources */,
				AF2B98361B09F43A00A3899C /* FriendListViewController.swift in Sources */,
				AF2B98341B09F41C00A3899C /* AddFriendViewController.swift in Sources */,
				AFBE19361B1E0EF900252CE3 /* SelectViewController.swift in Sources */,
				AF2B98321B09E00B00A3899C /* ViewUtility.swift in Sources */,
				37D99AA01AF72231008279BF /* AppDelegate.swift in Sources */,
				AF4755391B0302E100A21F64 /* GeoUtility.swift in Sources */,
				AFBE19291B1C34E000252CE3 /* FriendsCell.swift in Sources */,
				AFBE193A1B1E0F3300252CE3 /* FinishViewController.swift in Sources */,
			);
			runOnlyForDeploymentPostprocessing = 0;
		};
		37D99AAB1AF72231008279BF /* Sources */ = {
			isa = PBXSourcesBuildPhase;
			buildActionMask = 2147483647;
			files = (
				37D99AB61AF72231008279BF /* yoteikakuninTests.swift in Sources */,
			);
			runOnlyForDeploymentPostprocessing = 0;
		};
/* End PBXSourcesBuildPhase section */

/* Begin PBXTargetDependency section */
		37D99AB11AF72231008279BF /* PBXTargetDependency */ = {
			isa = PBXTargetDependency;
			target = 37D99A991AF72231008279BF /* yoteikakunin */;
			targetProxy = 37D99AB01AF72231008279BF /* PBXContainerItemProxy */;
		};
/* End PBXTargetDependency section */

/* Begin PBXVariantGroup section */
		37D99AA31AF72231008279BF /* Main.storyboard */ = {
			isa = PBXVariantGroup;
			children = (
				37D99AA41AF72231008279BF /* Base */,
			);
			name = Main.storyboard;
			path = .;
			sourceTree = "<group>";
		};
		37D99AA81AF72231008279BF /* LaunchScreen.xib */ = {
			isa = PBXVariantGroup;
			children = (
				37D99AA91AF72231008279BF /* Base */,
			);
			name = LaunchScreen.xib;
			path = .;
			sourceTree = "<group>";
		};
/* End PBXVariantGroup section */

/* Begin XCBuildConfiguration section */
		37D99AB71AF72231008279BF /* Debug */ = {
			isa = XCBuildConfiguration;
			buildSettings = {
				ALWAYS_SEARCH_USER_PATHS = NO;
				CLANG_CXX_LANGUAGE_STANDARD = "gnu++0x";
				CLANG_CXX_LIBRARY = "libc++";
				CLANG_ENABLE_MODULES = YES;
				CLANG_ENABLE_OBJC_ARC = YES;
				CLANG_WARN_BOOL_CONVERSION = YES;
				CLANG_WARN_CONSTANT_CONVERSION = YES;
				CLANG_WARN_DIRECT_OBJC_ISA_USAGE = YES_ERROR;
				CLANG_WARN_EMPTY_BODY = YES;
				CLANG_WARN_ENUM_CONVERSION = YES;
				CLANG_WARN_INT_CONVERSION = YES;
				CLANG_WARN_OBJC_ROOT_CLASS = YES_ERROR;
				CLANG_WARN_UNREACHABLE_CODE = YES;
				CLANG_WARN__DUPLICATE_METHOD_MATCH = YES;
				"CODE_SIGN_IDENTITY[sdk=iphoneos*]" = "iPhone Developer";
				COPY_PHASE_STRIP = NO;
				ENABLE_STRICT_OBJC_MSGSEND = YES;
				GCC_C_LANGUAGE_STANDARD = gnu99;
				GCC_DYNAMIC_NO_PIC = NO;
				GCC_OPTIMIZATION_LEVEL = 0;
				GCC_PREPROCESSOR_DEFINITIONS = (
					"DEBUG=1",
					"$(inherited)",
				);
				GCC_SYMBOLS_PRIVATE_EXTERN = NO;
				GCC_WARN_64_TO_32_BIT_CONVERSION = YES;
				GCC_WARN_ABOUT_RETURN_TYPE = YES_ERROR;
				GCC_WARN_UNDECLARED_SELECTOR = YES;
				GCC_WARN_UNINITIALIZED_AUTOS = YES_AGGRESSIVE;
				GCC_WARN_UNUSED_FUNCTION = YES;
				GCC_WARN_UNUSED_VARIABLE = YES;
				IPHONEOS_DEPLOYMENT_TARGET = 8.2;
				MTL_ENABLE_DEBUG_INFO = YES;
				ONLY_ACTIVE_ARCH = YES;
				SDKROOT = iphoneos;
				SWIFT_OPTIMIZATION_LEVEL = "-Onone";
			};
			name = Debug;
		};
		37D99AB81AF72231008279BF /* Release */ = {
			isa = XCBuildConfiguration;
			buildSettings = {
				ALWAYS_SEARCH_USER_PATHS = NO;
				CLANG_CXX_LANGUAGE_STANDARD = "gnu++0x";
				CLANG_CXX_LIBRARY = "libc++";
				CLANG_ENABLE_MODULES = YES;
				CLANG_ENABLE_OBJC_ARC = YES;
				CLANG_WARN_BOOL_CONVERSION = YES;
				CLANG_WARN_CONSTANT_CONVERSION = YES;
				CLANG_WARN_DIRECT_OBJC_ISA_USAGE = YES_ERROR;
				CLANG_WARN_EMPTY_BODY = YES;
				CLANG_WARN_ENUM_CONVERSION = YES;
				CLANG_WARN_INT_CONVERSION = YES;
				CLANG_WARN_OBJC_ROOT_CLASS = YES_ERROR;
				CLANG_WARN_UNREACHABLE_CODE = YES;
				CLANG_WARN__DUPLICATE_METHOD_MATCH = YES;
				"CODE_SIGN_IDENTITY[sdk=iphoneos*]" = "iPhone Developer";
				COPY_PHASE_STRIP = NO;
				ENABLE_NS_ASSERTIONS = NO;
				ENABLE_STRICT_OBJC_MSGSEND = YES;
				GCC_C_LANGUAGE_STANDARD = gnu99;
				GCC_WARN_64_TO_32_BIT_CONVERSION = YES;
				GCC_WARN_ABOUT_RETURN_TYPE = YES_ERROR;
				GCC_WARN_UNDECLARED_SELECTOR = YES;
				GCC_WARN_UNINITIALIZED_AUTOS = YES_AGGRESSIVE;
				GCC_WARN_UNUSED_FUNCTION = YES;
				GCC_WARN_UNUSED_VARIABLE = YES;
				IPHONEOS_DEPLOYMENT_TARGET = 8.2;
				MTL_ENABLE_DEBUG_INFO = NO;
				SDKROOT = iphoneos;
				VALIDATE_PRODUCT = YES;
			};
			name = Release;
		};
		37D99ABA1AF72231008279BF /* Debug */ = {
			isa = XCBuildConfiguration;
			baseConfigurationReference = E70F23573823342493603B6A /* Pods-yoteikakunin.debug.xcconfig */;
			buildSettings = {
				ASSETCATALOG_COMPILER_APPICON_NAME = AppIcon;
				CLANG_ENABLE_MODULES = YES;
				INFOPLIST_FILE = "yoteikakunin/Supporting Files/Info.plist";
				IPHONEOS_DEPLOYMENT_TARGET = 7.0;
				LD_RUNPATH_SEARCH_PATHS = "$(inherited) @executable_path/Frameworks";
				PRODUCT_NAME = "$(TARGET_NAME)";
				PROVISIONING_PROFILE = "a3b135c9-b06c-4a16-8b56-623016390413";
				SWIFT_OBJC_BRIDGING_HEADER = "yoteikakunin/Supporting Files/yoteikakunin-Bridging-Header.h";
				SWIFT_OPTIMIZATION_LEVEL = "-Onone";
			};
			name = Debug;
		};
		37D99ABB1AF72231008279BF /* Release */ = {
			isa = XCBuildConfiguration;
			baseConfigurationReference = 48FF1AFD2B4DDA0F5D47EA00 /* Pods-yoteikakunin.release.xcconfig */;
			buildSettings = {
				ASSETCATALOG_COMPILER_APPICON_NAME = AppIcon;
				CLANG_ENABLE_MODULES = YES;
				INFOPLIST_FILE = "yoteikakunin/Supporting Files/Info.plist";
				IPHONEOS_DEPLOYMENT_TARGET = 7.0;
				LD_RUNPATH_SEARCH_PATHS = "$(inherited) @executable_path/Frameworks";
				PRODUCT_NAME = "$(TARGET_NAME)";
				PROVISIONING_PROFILE = "a3b135c9-b06c-4a16-8b56-623016390413";
				SWIFT_OBJC_BRIDGING_HEADER = "yoteikakunin/Supporting Files/yoteikakunin-Bridging-Header.h";
			};
			name = Release;
		};
		37D99ABD1AF72231008279BF /* Debug */ = {
			isa = XCBuildConfiguration;
			buildSettings = {
				BUNDLE_LOADER = "$(TEST_HOST)";
				FRAMEWORK_SEARCH_PATHS = (
					"$(SDKROOT)/Developer/Library/Frameworks",
					"$(inherited)",
				);
				GCC_PREPROCESSOR_DEFINITIONS = (
					"DEBUG=1",
					"$(inherited)",
				);
				INFOPLIST_FILE = "yoteikakuninTests/Supporting Files/Info.plist";
				LD_RUNPATH_SEARCH_PATHS = "$(inherited) @executable_path/Frameworks @loader_path/Frameworks";
				PRODUCT_NAME = "$(TARGET_NAME)";
				TEST_HOST = "$(BUILT_PRODUCTS_DIR)/yoteikakunin.app/yoteikakunin";
			};
			name = Debug;
		};
		37D99ABE1AF72231008279BF /* Release */ = {
			isa = XCBuildConfiguration;
			buildSettings = {
				BUNDLE_LOADER = "$(TEST_HOST)";
				FRAMEWORK_SEARCH_PATHS = (
					"$(SDKROOT)/Developer/Library/Frameworks",
					"$(inherited)",
				);
				INFOPLIST_FILE = "yoteikakuninTests/Supporting Files/Info.plist";
				LD_RUNPATH_SEARCH_PATHS = "$(inherited) @executable_path/Frameworks @loader_path/Frameworks";
				PRODUCT_NAME = "$(TARGET_NAME)";
				TEST_HOST = "$(BUILT_PRODUCTS_DIR)/yoteikakunin.app/yoteikakunin";
			};
			name = Release;
		};
/* End XCBuildConfiguration section */

/* Begin XCConfigurationList section */
		37D99A951AF72231008279BF /* Build configuration list for PBXProject "yoteikakunin" */ = {
			isa = XCConfigurationList;
			buildConfigurations = (
				37D99AB71AF72231008279BF /* Debug */,
				37D99AB81AF72231008279BF /* Release */,
			);
			defaultConfigurationIsVisible = 0;
			defaultConfigurationName = Release;
		};
		37D99AB91AF72231008279BF /* Build configuration list for PBXNativeTarget "yoteikakunin" */ = {
			isa = XCConfigurationList;
			buildConfigurations = (
				37D99ABA1AF72231008279BF /* Debug */,
				37D99ABB1AF72231008279BF /* Release */,
			);
			defaultConfigurationIsVisible = 0;
			defaultConfigurationName = Release;
		};
		37D99ABC1AF72231008279BF /* Build configuration list for PBXNativeTarget "yoteikakuninTests" */ = {
			isa = XCConfigurationList;
			buildConfigurations = (
				37D99ABD1AF72231008279BF /* Debug */,
				37D99ABE1AF72231008279BF /* Release */,
			);
			defaultConfigurationIsVisible = 0;
			defaultConfigurationName = Release;
		};
/* End XCConfigurationList section */
	};
	rootObject = 37D99A921AF72231008279BF /* Project object */;
}
